// !$*UTF8*$!
{
	archiveVersion = 1;
	classes = {
	};
	objectVersion = 56;
	objects = {

/* Begin PBXBuildFile section */
		1E4A86532C649C4700BB1086 /* Alamofire in Frameworks */ = {isa = PBXBuildFile; productRef = 1E4A86522C649C4700BB1086 /* Alamofire */; };
		B80BDA5B2C4E3EC900DA8BB6 /* data.h in Headers */ = {isa = PBXBuildFile; fileRef = B80BDA5A2C4E3EC900DA8BB6 /* data.h */; settings = {ATTRIBUTES = (Public, ); }; };
		B80BDAA22C4E424700DA8BB6 /* Logger.swift in Sources */ = {isa = PBXBuildFile; fileRef = B80BDAA12C4E424700DA8BB6 /* Logger.swift */; };
		B80BDAA42C4E425000DA8BB6 /* ConsoleLogHandler.swift in Sources */ = {isa = PBXBuildFile; fileRef = B80BDAA32C4E425000DA8BB6 /* ConsoleLogHandler.swift */; };
		B80BDAA62C4E425800DA8BB6 /* NetworkLogger.swift in Sources */ = {isa = PBXBuildFile; fileRef = B80BDAA52C4E425800DA8BB6 /* NetworkLogger.swift */; };
		B80BDABA2C4E69A200DA8BB6 /* TestLocalDataSourceProtocol.swift in Sources */ = {isa = PBXBuildFile; fileRef = B80BDAB92C4E69A200DA8BB6 /* TestLocalDataSourceProtocol.swift */; };
		B80BDABC2C4E69B100DA8BB6 /* TestLocalDataSource.swift in Sources */ = {isa = PBXBuildFile; fileRef = B80BDABB2C4E69B100DA8BB6 /* TestLocalDataSource.swift */; };
		B80BDAC02C4E6A1400DA8BB6 /* BaseInterceptor.swift in Sources */ = {isa = PBXBuildFile; fileRef = B80BDABF2C4E6A1300DA8BB6 /* BaseInterceptor.swift */; };
		B80BDAC22C4E6A2700DA8BB6 /* NetworkDispatcher.swift in Sources */ = {isa = PBXBuildFile; fileRef = B80BDAC12C4E6A2700DA8BB6 /* NetworkDispatcher.swift */; };
		B80BDAC72C4E6A8E00DA8BB6 /* Configuration.swift in Sources */ = {isa = PBXBuildFile; fileRef = B80BDAC62C4E6A8E00DA8BB6 /* Configuration.swift */; };
		B80BDACB2C4E6AC000DA8BB6 /* ErrorResponse.swift in Sources */ = {isa = PBXBuildFile; fileRef = B80BDACA2C4E6AC000DA8BB6 /* ErrorResponse.swift */; };
		B80BDACD2C4E6ACE00DA8BB6 /* EmptyParams.swift in Sources */ = {isa = PBXBuildFile; fileRef = B80BDACC2C4E6ACE00DA8BB6 /* EmptyParams.swift */; };
		B80BDAD42C4E6C1900DA8BB6 /* DataDI.swift in Sources */ = {isa = PBXBuildFile; fileRef = B80BDAD32C4E6C1900DA8BB6 /* DataDI.swift */; };
		B80BDAD72C4E6D7B00DA8BB6 /* CoreDataClient.swift in Sources */ = {isa = PBXBuildFile; fileRef = B80BDAD62C4E6D7B00DA8BB6 /* CoreDataClient.swift */; };
		B80BDADA2C4E6D9300DA8BB6 /* RemoteToLocalMappers.swift in Sources */ = {isa = PBXBuildFile; fileRef = B80BDAD92C4E6D9300DA8BB6 /* RemoteToLocalMappers.swift */; };
		B80BDADC2C4E6D9D00DA8BB6 /* LocalToDomainMappers.swift in Sources */ = {isa = PBXBuildFile; fileRef = B80BDADB2C4E6D9D00DA8BB6 /* LocalToDomainMappers.swift */; };
		B846F7A42C526128008E8407 /* RegisterRemoteDataSourceProtocol.swift in Sources */ = {isa = PBXBuildFile; fileRef = B846F7A32C526128008E8407 /* RegisterRemoteDataSourceProtocol.swift */; };
		B846F7A62C526160008E8407 /* RegisterRemoteDataSource.swift in Sources */ = {isa = PBXBuildFile; fileRef = B846F7A52C526160008E8407 /* RegisterRemoteDataSource.swift */; };
		B846F7A82C52642D008E8407 /* RegisterAPI.swift in Sources */ = {isa = PBXBuildFile; fileRef = B846F7A72C52642D008E8407 /* RegisterAPI.swift */; };
		B846F7AA2C5267E6008E8407 /* RegisterRepo.swift in Sources */ = {isa = PBXBuildFile; fileRef = B846F7A92C5267E6008E8407 /* RegisterRepo.swift */; };
		B851CEEC2C5A3977007AD613 /* ProfileRemoteDTO.swift in Sources */ = {isa = PBXBuildFile; fileRef = B851CEEB2C5A3977007AD613 /* ProfileRemoteDTO.swift */; };
		B851CEEE2C5A3AF9007AD613 /* CustomerRequest.swift in Sources */ = {isa = PBXBuildFile; fileRef = B851CEED2C5A3AF9007AD613 /* CustomerRequest.swift */; };
		B851CEF12C5A4AD4007AD613 /* CustomerRemoteDataSourceProtocol.swift in Sources */ = {isa = PBXBuildFile; fileRef = B851CEF02C5A4AD4007AD613 /* CustomerRemoteDataSourceProtocol.swift */; };
		B851CEF32C5A4ADB007AD613 /* CustomerRemoteDataSource.swift in Sources */ = {isa = PBXBuildFile; fileRef = B851CEF22C5A4ADB007AD613 /* CustomerRemoteDataSource.swift */; };
		B851CEF52C5A4B7D007AD613 /* CustomerRepo.swift in Sources */ = {isa = PBXBuildFile; fileRef = B851CEF42C5A4B7D007AD613 /* CustomerRepo.swift */; };
		B851F27D2C609B2200A27339 /* UserDefaultsStorage.swift in Sources */ = {isa = PBXBuildFile; fileRef = B851F27C2C609B2100A27339 /* UserDefaultsStorage.swift */; };
		B851F27F2C609B2A00A27339 /* KeychainStorage.swift in Sources */ = {isa = PBXBuildFile; fileRef = B851F27E2C609B2A00A27339 /* KeychainStorage.swift */; };
		B851F2842C6103DF00A27339 /* LocationRemoteDataSourceProtocol.swift in Sources */ = {isa = PBXBuildFile; fileRef = B851F2832C6103DF00A27339 /* LocationRemoteDataSourceProtocol.swift */; };
		B851F2862C6103E700A27339 /* LocationRemoteDataSource.swift in Sources */ = {isa = PBXBuildFile; fileRef = B851F2852C6103E700A27339 /* LocationRemoteDataSource.swift */; };
		B851F2882C61041200A27339 /* LocationRemoteDTO.swift in Sources */ = {isa = PBXBuildFile; fileRef = B851F2872C61041200A27339 /* LocationRemoteDTO.swift */; };
		B851F28B2C6104BB00A27339 /* LocationRequest.swift in Sources */ = {isa = PBXBuildFile; fileRef = B851F28A2C6104BB00A27339 /* LocationRequest.swift */; };
		B851F28D2C61054300A27339 /* LocationRepo.swift in Sources */ = {isa = PBXBuildFile; fileRef = B851F28C2C61054300A27339 /* LocationRepo.swift */; };
		B85F8FA12C57A9710078F164 /* RegisterRequest.swift in Sources */ = {isa = PBXBuildFile; fileRef = B85F8FA02C57A9710078F164 /* RegisterRequest.swift */; };
		B8A9E6532C59239A009D4B63 /* RegisterRemoteDTO.swift in Sources */ = {isa = PBXBuildFile; fileRef = B8A9E6522C59239A009D4B63 /* RegisterRemoteDTO.swift */; };
/* End PBXBuildFile section */

/* Begin PBXCopyFilesBuildPhase section */
		B80BDA6B2C4E3EE000DA8BB6 /* Embed Frameworks */ = {
			isa = PBXCopyFilesBuildPhase;
			buildActionMask = 2147483647;
			dstPath = "";
			dstSubfolderSpec = 10;
			files = (
			);
			name = "Embed Frameworks";
			runOnlyForDeploymentPostprocessing = 0;
		};
/* End PBXCopyFilesBuildPhase section */

/* Begin PBXFileReference section */
		B80BDA572C4E3EC900DA8BB6 /* data.framework */ = {isa = PBXFileReference; explicitFileType = wrapper.framework; includeInIndex = 0; path = data.framework; sourceTree = BUILT_PRODUCTS_DIR; };
		B80BDA5A2C4E3EC900DA8BB6 /* data.h */ = {isa = PBXFileReference; lastKnownFileType = sourcecode.c.h; path = data.h; sourceTree = "<group>"; };
		B80BDAA12C4E424700DA8BB6 /* Logger.swift */ = {isa = PBXFileReference; lastKnownFileType = sourcecode.swift; path = Logger.swift; sourceTree = "<group>"; };
		B80BDAA32C4E425000DA8BB6 /* ConsoleLogHandler.swift */ = {isa = PBXFileReference; lastKnownFileType = sourcecode.swift; path = ConsoleLogHandler.swift; sourceTree = "<group>"; };
		B80BDAA52C4E425800DA8BB6 /* NetworkLogger.swift */ = {isa = PBXFileReference; lastKnownFileType = sourcecode.swift; path = NetworkLogger.swift; sourceTree = "<group>"; };
		B80BDAB92C4E69A200DA8BB6 /* TestLocalDataSourceProtocol.swift */ = {isa = PBXFileReference; lastKnownFileType = sourcecode.swift; path = TestLocalDataSourceProtocol.swift; sourceTree = "<group>"; };
		B80BDABB2C4E69B100DA8BB6 /* TestLocalDataSource.swift */ = {isa = PBXFileReference; lastKnownFileType = sourcecode.swift; path = TestLocalDataSource.swift; sourceTree = "<group>"; };
		B80BDABF2C4E6A1300DA8BB6 /* BaseInterceptor.swift */ = {isa = PBXFileReference; lastKnownFileType = sourcecode.swift; path = BaseInterceptor.swift; sourceTree = "<group>"; };
		B80BDAC12C4E6A2700DA8BB6 /* NetworkDispatcher.swift */ = {isa = PBXFileReference; lastKnownFileType = sourcecode.swift; path = NetworkDispatcher.swift; sourceTree = "<group>"; };
		B80BDAC62C4E6A8E00DA8BB6 /* Configuration.swift */ = {isa = PBXFileReference; lastKnownFileType = sourcecode.swift; path = Configuration.swift; sourceTree = "<group>"; };
		B80BDACA2C4E6AC000DA8BB6 /* ErrorResponse.swift */ = {isa = PBXFileReference; lastKnownFileType = sourcecode.swift; path = ErrorResponse.swift; sourceTree = "<group>"; };
		B80BDACC2C4E6ACE00DA8BB6 /* EmptyParams.swift */ = {isa = PBXFileReference; lastKnownFileType = sourcecode.swift; path = EmptyParams.swift; sourceTree = "<group>"; };
		B80BDAD32C4E6C1900DA8BB6 /* DataDI.swift */ = {isa = PBXFileReference; lastKnownFileType = sourcecode.swift; path = DataDI.swift; sourceTree = "<group>"; };
		B80BDAD62C4E6D7B00DA8BB6 /* CoreDataClient.swift */ = {isa = PBXFileReference; lastKnownFileType = sourcecode.swift; path = CoreDataClient.swift; sourceTree = "<group>"; };
		B80BDAD92C4E6D9300DA8BB6 /* RemoteToLocalMappers.swift */ = {isa = PBXFileReference; lastKnownFileType = sourcecode.swift; path = RemoteToLocalMappers.swift; sourceTree = "<group>"; };
		B80BDADB2C4E6D9D00DA8BB6 /* LocalToDomainMappers.swift */ = {isa = PBXFileReference; lastKnownFileType = sourcecode.swift; path = LocalToDomainMappers.swift; sourceTree = "<group>"; };
		B846F7A32C526128008E8407 /* RegisterRemoteDataSourceProtocol.swift */ = {isa = PBXFileReference; lastKnownFileType = sourcecode.swift; path = RegisterRemoteDataSourceProtocol.swift; sourceTree = "<group>"; };
		B846F7A52C526160008E8407 /* RegisterRemoteDataSource.swift */ = {isa = PBXFileReference; lastKnownFileType = sourcecode.swift; path = RegisterRemoteDataSource.swift; sourceTree = "<group>"; };
		B846F7A72C52642D008E8407 /* RegisterAPI.swift */ = {isa = PBXFileReference; lastKnownFileType = sourcecode.swift; path = RegisterAPI.swift; sourceTree = "<group>"; };
		B846F7A92C5267E6008E8407 /* RegisterRepo.swift */ = {isa = PBXFileReference; lastKnownFileType = sourcecode.swift; path = RegisterRepo.swift; sourceTree = "<group>"; };
		B851CEEB2C5A3977007AD613 /* ProfileRemoteDTO.swift */ = {isa = PBXFileReference; lastKnownFileType = sourcecode.swift; path = ProfileRemoteDTO.swift; sourceTree = "<group>"; };
		B851CEED2C5A3AF9007AD613 /* CustomerRequest.swift */ = {isa = PBXFileReference; lastKnownFileType = sourcecode.swift; path = CustomerRequest.swift; sourceTree = "<group>"; };
		B851CEF02C5A4AD4007AD613 /* CustomerRemoteDataSourceProtocol.swift */ = {isa = PBXFileReference; lastKnownFileType = sourcecode.swift; path = CustomerRemoteDataSourceProtocol.swift; sourceTree = "<group>"; };
		B851CEF22C5A4ADB007AD613 /* CustomerRemoteDataSource.swift */ = {isa = PBXFileReference; lastKnownFileType = sourcecode.swift; path = CustomerRemoteDataSource.swift; sourceTree = "<group>"; };
		B851CEF42C5A4B7D007AD613 /* CustomerRepo.swift */ = {isa = PBXFileReference; lastKnownFileType = sourcecode.swift; path = CustomerRepo.swift; sourceTree = "<group>"; };
		B851F27C2C609B2100A27339 /* UserDefaultsStorage.swift */ = {isa = PBXFileReference; lastKnownFileType = sourcecode.swift; path = UserDefaultsStorage.swift; sourceTree = "<group>"; };
		B851F27E2C609B2A00A27339 /* KeychainStorage.swift */ = {isa = PBXFileReference; lastKnownFileType = sourcecode.swift; path = KeychainStorage.swift; sourceTree = "<group>"; };
		B851F2832C6103DF00A27339 /* LocationRemoteDataSourceProtocol.swift */ = {isa = PBXFileReference; lastKnownFileType = sourcecode.swift; path = LocationRemoteDataSourceProtocol.swift; sourceTree = "<group>"; };
		B851F2852C6103E700A27339 /* LocationRemoteDataSource.swift */ = {isa = PBXFileReference; lastKnownFileType = sourcecode.swift; path = LocationRemoteDataSource.swift; sourceTree = "<group>"; };
		B851F2872C61041200A27339 /* LocationRemoteDTO.swift */ = {isa = PBXFileReference; lastKnownFileType = sourcecode.swift; path = LocationRemoteDTO.swift; sourceTree = "<group>"; };
		B851F28A2C6104BB00A27339 /* LocationRequest.swift */ = {isa = PBXFileReference; lastKnownFileType = sourcecode.swift; path = LocationRequest.swift; sourceTree = "<group>"; };
		B851F28C2C61054300A27339 /* LocationRepo.swift */ = {isa = PBXFileReference; lastKnownFileType = sourcecode.swift; path = LocationRepo.swift; sourceTree = "<group>"; };
		B85F8FA02C57A9710078F164 /* RegisterRequest.swift */ = {isa = PBXFileReference; lastKnownFileType = sourcecode.swift; path = RegisterRequest.swift; sourceTree = "<group>"; };
		B8A9E6522C59239A009D4B63 /* RegisterRemoteDTO.swift */ = {isa = PBXFileReference; lastKnownFileType = sourcecode.swift; path = RegisterRemoteDTO.swift; sourceTree = "<group>"; };
/* End PBXFileReference section */

/* Begin PBXFrameworksBuildPhase section */
		B80BDA542C4E3EC900DA8BB6 /* Frameworks */ = {
			isa = PBXFrameworksBuildPhase;
			buildActionMask = 2147483647;
			files = (
				1E4A86532C649C4700BB1086 /* Alamofire in Frameworks */,
			);
			runOnlyForDeploymentPostprocessing = 0;
		};
/* End PBXFrameworksBuildPhase section */

/* Begin PBXGroup section */
		B80BDA4D2C4E3EC900DA8BB6 = {
			isa = PBXGroup;
			children = (
				B80BDA592C4E3EC900DA8BB6 /* data */,
				B80BDA582C4E3EC900DA8BB6 /* Products */,
			);
			sourceTree = "<group>";
		};
		B80BDA582C4E3EC900DA8BB6 /* Products */ = {
			isa = PBXGroup;
			children = (
				B80BDA572C4E3EC900DA8BB6 /* data.framework */,
			);
			name = Products;
			sourceTree = "<group>";
		};
		B80BDA592C4E3EC900DA8BB6 /* data */ = {
			isa = PBXGroup;
			children = (
				B80BDAD82C4E6D8300DA8BB6 /* Mapper */,
				B80BDAD52C4E6CB200DA8BB6 /* Base */,
				B80BDAD22C4E6B9E00DA8BB6 /* DI */,
				B80BDAC82C4E6AB200DA8BB6 /* DTOs */,
				B80BDABD2C4E69DD00DA8BB6 /* Network */,
				B80BDAB82C4E699100DA8BB6 /* Local */,
				B80BDAB02C4E451F00DA8BB6 /* Remote */,
				B80BDAAD2C4E44C700DA8BB6 /* Repository */,
				B85F8F9F2C57A95F0078F164 /* Request */,
				B80BDAA02C4E423B00DA8BB6 /* Tool */,
				B80BDA5A2C4E3EC900DA8BB6 /* data.h */,
			);
			path = data;
			sourceTree = "<group>";
		};
		B80BDAA02C4E423B00DA8BB6 /* Tool */ = {
			isa = PBXGroup;
			children = (
				B80BDAA12C4E424700DA8BB6 /* Logger.swift */,
				B80BDAA32C4E425000DA8BB6 /* ConsoleLogHandler.swift */,
				B80BDAA52C4E425800DA8BB6 /* NetworkLogger.swift */,
			);
			path = Tool;
			sourceTree = "<group>";
		};
		B80BDAAD2C4E44C700DA8BB6 /* Repository */ = {
			isa = PBXGroup;
			children = (
				B846F7A92C5267E6008E8407 /* RegisterRepo.swift */,
				B851CEF42C5A4B7D007AD613 /* CustomerRepo.swift */,
				B851F28C2C61054300A27339 /* LocationRepo.swift */,
			);
			path = Repository;
			sourceTree = "<group>";
		};
		B80BDAB02C4E451F00DA8BB6 /* Remote */ = {
			isa = PBXGroup;
			children = (
				B851F2822C6103C400A27339 /* Location */,
				B851CEEF2C5A4AC4007AD613 /* Customer */,
				B846F7A22C526107008E8407 /* Register */,
			);
			path = Remote;
			sourceTree = "<group>";
		};
		B80BDAB82C4E699100DA8BB6 /* Local */ = {
			isa = PBXGroup;
			children = (
				B80BDAB92C4E69A200DA8BB6 /* TestLocalDataSourceProtocol.swift */,
				B80BDABB2C4E69B100DA8BB6 /* TestLocalDataSource.swift */,
			);
			path = Local;
			sourceTree = "<group>";
		};
		B80BDABD2C4E69DD00DA8BB6 /* Network */ = {
			isa = PBXGroup;
			children = (
				B80BDABE2C4E69E200DA8BB6 /* Interceptor */,
				B80BDAC12C4E6A2700DA8BB6 /* NetworkDispatcher.swift */,
				B80BDAC62C4E6A8E00DA8BB6 /* Configuration.swift */,
			);
			path = Network;
			sourceTree = "<group>";
		};
		B80BDABE2C4E69E200DA8BB6 /* Interceptor */ = {
			isa = PBXGroup;
			children = (
				B80BDABF2C4E6A1300DA8BB6 /* BaseInterceptor.swift */,
			);
			path = Interceptor;
			sourceTree = "<group>";
		};
		B80BDAC82C4E6AB200DA8BB6 /* DTOs */ = {
			isa = PBXGroup;
			children = (
				B851F2892C61041F00A27339 /* Location */,
				B851CEEA2C5A396B007AD613 /* Customer */,
				B8A9E6492C591301009D4B63 /* Register */,
				B80BDACA2C4E6AC000DA8BB6 /* ErrorResponse.swift */,
				B80BDACC2C4E6ACE00DA8BB6 /* EmptyParams.swift */,
			);
			path = DTOs;
			sourceTree = "<group>";
		};
		B80BDAD22C4E6B9E00DA8BB6 /* DI */ = {
			isa = PBXGroup;
			children = (
				B80BDAD32C4E6C1900DA8BB6 /* DataDI.swift */,
			);
			path = DI;
			sourceTree = "<group>";
		};
		B80BDAD52C4E6CB200DA8BB6 /* Base */ = {
			isa = PBXGroup;
			children = (
				B80BDAD62C4E6D7B00DA8BB6 /* CoreDataClient.swift */,
				B851F27C2C609B2100A27339 /* UserDefaultsStorage.swift */,
				B851F27E2C609B2A00A27339 /* KeychainStorage.swift */,
			);
			path = Base;
			sourceTree = "<group>";
		};
		B80BDAD82C4E6D8300DA8BB6 /* Mapper */ = {
			isa = PBXGroup;
			children = (
				B80BDAD92C4E6D9300DA8BB6 /* RemoteToLocalMappers.swift */,
				B80BDADB2C4E6D9D00DA8BB6 /* LocalToDomainMappers.swift */,
			);
			path = Mapper;
			sourceTree = "<group>";
		};
		B846F7A22C526107008E8407 /* Register */ = {
			isa = PBXGroup;
			children = (
				B846F7A32C526128008E8407 /* RegisterRemoteDataSourceProtocol.swift */,
				B846F7A52C526160008E8407 /* RegisterRemoteDataSource.swift */,
				B846F7A72C52642D008E8407 /* RegisterAPI.swift */,
			);
			path = Register;
			sourceTree = "<group>";
		};
		B851CEEA2C5A396B007AD613 /* Customer */ = {
			isa = PBXGroup;
			children = (
				B851CEEB2C5A3977007AD613 /* ProfileRemoteDTO.swift */,
			);
			path = Customer;
			sourceTree = "<group>";
		};
		B851CEEF2C5A4AC4007AD613 /* Customer */ = {
			isa = PBXGroup;
			children = (
				B851CEF02C5A4AD4007AD613 /* CustomerRemoteDataSourceProtocol.swift */,
				B851CEF22C5A4ADB007AD613 /* CustomerRemoteDataSource.swift */,
			);
			path = Customer;
			sourceTree = "<group>";
		};
		B851F2822C6103C400A27339 /* Location */ = {
			isa = PBXGroup;
			children = (
				B851F2832C6103DF00A27339 /* LocationRemoteDataSourceProtocol.swift */,
				B851F2852C6103E700A27339 /* LocationRemoteDataSource.swift */,
			);
			path = Location;
			sourceTree = "<group>";
		};
		B851F2892C61041F00A27339 /* Location */ = {
			isa = PBXGroup;
			children = (
				B851F2872C61041200A27339 /* LocationRemoteDTO.swift */,
			);
			path = Location;
			sourceTree = "<group>";
		};
		B85F8F9F2C57A95F0078F164 /* Request */ = {
			isa = PBXGroup;
			children = (
				B85F8FA02C57A9710078F164 /* RegisterRequest.swift */,
				B851CEED2C5A3AF9007AD613 /* CustomerRequest.swift */,
				B851F28A2C6104BB00A27339 /* LocationRequest.swift */,
			);
			path = Request;
			sourceTree = "<group>";
		};
		B8A9E6492C591301009D4B63 /* Register */ = {
			isa = PBXGroup;
			children = (
				B8A9E6522C59239A009D4B63 /* RegisterRemoteDTO.swift */,
			);
			path = Register;
			sourceTree = "<group>";
		};
/* End PBXGroup section */

/* Begin PBXHeadersBuildPhase section */
		B80BDA522C4E3EC900DA8BB6 /* Headers */ = {
			isa = PBXHeadersBuildPhase;
			buildActionMask = 2147483647;
			files = (
				B80BDA5B2C4E3EC900DA8BB6 /* data.h in Headers */,
			);
			runOnlyForDeploymentPostprocessing = 0;
		};
/* End PBXHeadersBuildPhase section */

/* Begin PBXNativeTarget section */
		B80BDA562C4E3EC900DA8BB6 /* data */ = {
			isa = PBXNativeTarget;
			buildConfigurationList = B80BDA5E2C4E3EC900DA8BB6 /* Build configuration list for PBXNativeTarget "data" */;
			buildPhases = (
				B80BDA522C4E3EC900DA8BB6 /* Headers */,
				B80BDA532C4E3EC900DA8BB6 /* Sources */,
				B80BDA542C4E3EC900DA8BB6 /* Frameworks */,
				B80BDA552C4E3EC900DA8BB6 /* Resources */,
				B80BDA6B2C4E3EE000DA8BB6 /* Embed Frameworks */,
			);
			buildRules = (
			);
			dependencies = (
			);
			name = data;
			packageProductDependencies = (
				1E4A86522C649C4700BB1086 /* Alamofire */,
			);
			productName = data;
			productReference = B80BDA572C4E3EC900DA8BB6 /* data.framework */;
			productType = "com.apple.product-type.framework";
		};
/* End PBXNativeTarget section */

/* Begin PBXProject section */
		B80BDA4E2C4E3EC900DA8BB6 /* Project object */ = {
			isa = PBXProject;
			attributes = {
				BuildIndependentTargetsInParallel = 1;
				LastUpgradeCheck = 1530;
				TargetAttributes = {
					B80BDA562C4E3EC900DA8BB6 = {
						CreatedOnToolsVersion = 15.3;
						LastSwiftMigration = 1530;
					};
				};
			};
			buildConfigurationList = B80BDA512C4E3EC900DA8BB6 /* Build configuration list for PBXProject "data" */;
			compatibilityVersion = "Xcode 14.0";
			developmentRegion = en;
			hasScannedForEncodings = 0;
			knownRegions = (
				en,
				Base,
			);
			mainGroup = B80BDA4D2C4E3EC900DA8BB6;
			packageReferences = (
				1E4A86512C649C4700BB1086 /* XCRemoteSwiftPackageReference "Alamofire" */,
			);
			productRefGroup = B80BDA582C4E3EC900DA8BB6 /* Products */;
			projectDirPath = "";
			projectRoot = "";
			targets = (
				B80BDA562C4E3EC900DA8BB6 /* data */,
			);
		};
/* End PBXProject section */

/* Begin PBXResourcesBuildPhase section */
		B80BDA552C4E3EC900DA8BB6 /* Resources */ = {
			isa = PBXResourcesBuildPhase;
			buildActionMask = 2147483647;
			files = (
			);
			runOnlyForDeploymentPostprocessing = 0;
		};
/* End PBXResourcesBuildPhase section */

/* Begin PBXSourcesBuildPhase section */
		B80BDA532C4E3EC900DA8BB6 /* Sources */ = {
			isa = PBXSourcesBuildPhase;
			buildActionMask = 2147483647;
			files = (
				B846F7AA2C5267E6008E8407 /* RegisterRepo.swift in Sources */,
				B851CEF12C5A4AD4007AD613 /* CustomerRemoteDataSourceProtocol.swift in Sources */,
				B846F7A82C52642D008E8407 /* RegisterAPI.swift in Sources */,
				B851F28B2C6104BB00A27339 /* LocationRequest.swift in Sources */,
				B80BDABC2C4E69B100DA8BB6 /* TestLocalDataSource.swift in Sources */,
				B851CEEE2C5A3AF9007AD613 /* CustomerRequest.swift in Sources */,
				B85F8FA12C57A9710078F164 /* RegisterRequest.swift in Sources */,
				B80BDADC2C4E6D9D00DA8BB6 /* LocalToDomainMappers.swift in Sources */,
				B80BDAA62C4E425800DA8BB6 /* NetworkLogger.swift in Sources */,
				B851F27F2C609B2A00A27339 /* KeychainStorage.swift in Sources */,
				B80BDADA2C4E6D9300DA8BB6 /* RemoteToLocalMappers.swift in Sources */,
				B846F7A42C526128008E8407 /* RegisterRemoteDataSourceProtocol.swift in Sources */,
				B851CEF32C5A4ADB007AD613 /* CustomerRemoteDataSource.swift in Sources */,
				B851F2882C61041200A27339 /* LocationRemoteDTO.swift in Sources */,
				B80BDAC22C4E6A2700DA8BB6 /* NetworkDispatcher.swift in Sources */,
				B846F7A62C526160008E8407 /* RegisterRemoteDataSource.swift in Sources */,
				B851CEEC2C5A3977007AD613 /* ProfileRemoteDTO.swift in Sources */,
				B851CEF52C5A4B7D007AD613 /* CustomerRepo.swift in Sources */,
				B80BDABA2C4E69A200DA8BB6 /* TestLocalDataSourceProtocol.swift in Sources */,
				B80BDAD72C4E6D7B00DA8BB6 /* CoreDataClient.swift in Sources */,
				B80BDAA22C4E424700DA8BB6 /* Logger.swift in Sources */,
				B80BDAC72C4E6A8E00DA8BB6 /* Configuration.swift in Sources */,
				B851F2862C6103E700A27339 /* LocationRemoteDataSource.swift in Sources */,
				B8A9E6532C59239A009D4B63 /* RegisterRemoteDTO.swift in Sources */,
				B851F28D2C61054300A27339 /* LocationRepo.swift in Sources */,
				B80BDAC02C4E6A1400DA8BB6 /* BaseInterceptor.swift in Sources */,
				B80BDAD42C4E6C1900DA8BB6 /* DataDI.swift in Sources */,
				B851F2842C6103DF00A27339 /* LocationRemoteDataSourceProtocol.swift in Sources */,
				B851F27D2C609B2200A27339 /* UserDefaultsStorage.swift in Sources */,
				B80BDAA42C4E425000DA8BB6 /* ConsoleLogHandler.swift in Sources */,
				B80BDACD2C4E6ACE00DA8BB6 /* EmptyParams.swift in Sources */,
				B80BDACB2C4E6AC000DA8BB6 /* ErrorResponse.swift in Sources */,
			);
			runOnlyForDeploymentPostprocessing = 0;
		};
/* End PBXSourcesBuildPhase section */

/* Begin XCBuildConfiguration section */
		B80BDA5C2C4E3EC900DA8BB6 /* Debug */ = {
			isa = XCBuildConfiguration;
			buildSettings = {
				ALWAYS_SEARCH_USER_PATHS = NO;
				ASSETCATALOG_COMPILER_GENERATE_SWIFT_ASSET_SYMBOL_EXTENSIONS = YES;
				BUILD_LIBRARY_FOR_DISTRIBUTION = NO;
				CLANG_ANALYZER_NONNULL = YES;
				CLANG_ANALYZER_NUMBER_OBJECT_CONVERSION = YES_AGGRESSIVE;
				CLANG_CXX_LANGUAGE_STANDARD = "gnu++20";
				CLANG_ENABLE_MODULES = YES;
				CLANG_ENABLE_OBJC_ARC = YES;
				CLANG_ENABLE_OBJC_WEAK = YES;
				CLANG_WARN_BLOCK_CAPTURE_AUTORELEASING = YES;
				CLANG_WARN_BOOL_CONVERSION = YES;
				CLANG_WARN_COMMA = YES;
				CLANG_WARN_CONSTANT_CONVERSION = YES;
				CLANG_WARN_DEPRECATED_OBJC_IMPLEMENTATIONS = YES;
				CLANG_WARN_DIRECT_OBJC_ISA_USAGE = YES_ERROR;
				CLANG_WARN_DOCUMENTATION_COMMENTS = YES;
				CLANG_WARN_EMPTY_BODY = YES;
				CLANG_WARN_ENUM_CONVERSION = YES;
				CLANG_WARN_INFINITE_RECURSION = YES;
				CLANG_WARN_INT_CONVERSION = YES;
				CLANG_WARN_NON_LITERAL_NULL_CONVERSION = YES;
				CLANG_WARN_OBJC_IMPLICIT_RETAIN_SELF = YES;
				CLANG_WARN_OBJC_LITERAL_CONVERSION = YES;
				CLANG_WARN_OBJC_ROOT_CLASS = YES_ERROR;
				CLANG_WARN_QUOTED_INCLUDE_IN_FRAMEWORK_HEADER = YES;
				CLANG_WARN_RANGE_LOOP_ANALYSIS = YES;
				CLANG_WARN_STRICT_PROTOTYPES = YES;
				CLANG_WARN_SUSPICIOUS_MOVE = YES;
				CLANG_WARN_UNGUARDED_AVAILABILITY = YES_AGGRESSIVE;
				CLANG_WARN_UNREACHABLE_CODE = YES;
				CLANG_WARN__DUPLICATE_METHOD_MATCH = YES;
				COPY_PHASE_STRIP = NO;
				CURRENT_PROJECT_VERSION = 1;
				DEBUG_INFORMATION_FORMAT = dwarf;
				ENABLE_STRICT_OBJC_MSGSEND = YES;
				ENABLE_TESTABILITY = YES;
				ENABLE_USER_SCRIPT_SANDBOXING = YES;
				GCC_C_LANGUAGE_STANDARD = gnu17;
				GCC_DYNAMIC_NO_PIC = NO;
				GCC_NO_COMMON_BLOCKS = YES;
				GCC_OPTIMIZATION_LEVEL = 0;
				GCC_PREPROCESSOR_DEFINITIONS = (
					"DEBUG=1",
					"$(inherited)",
				);
				GCC_WARN_64_TO_32_BIT_CONVERSION = YES;
				GCC_WARN_ABOUT_RETURN_TYPE = YES_ERROR;
				GCC_WARN_UNDECLARED_SELECTOR = YES;
				GCC_WARN_UNINITIALIZED_AUTOS = YES_AGGRESSIVE;
				GCC_WARN_UNUSED_FUNCTION = YES;
				GCC_WARN_UNUSED_VARIABLE = YES;
				IPHONEOS_DEPLOYMENT_TARGET = 15.0;
				LOCALIZATION_PREFERS_STRING_CATALOGS = YES;
				MTL_ENABLE_DEBUG_INFO = INCLUDE_SOURCE;
				MTL_FAST_MATH = YES;
				ONLY_ACTIVE_ARCH = YES;
				SDKROOT = iphoneos;
				SWIFT_ACTIVE_COMPILATION_CONDITIONS = "DEBUG $(inherited)";
				SWIFT_OPTIMIZATION_LEVEL = "-Onone";
				VERSIONING_SYSTEM = "apple-generic";
				VERSION_INFO_PREFIX = "";
			};
			name = Debug;
		};
		B80BDA5D2C4E3EC900DA8BB6 /* Release */ = {
			isa = XCBuildConfiguration;
			buildSettings = {
				ALWAYS_SEARCH_USER_PATHS = NO;
				ASSETCATALOG_COMPILER_GENERATE_SWIFT_ASSET_SYMBOL_EXTENSIONS = YES;
				BUILD_LIBRARY_FOR_DISTRIBUTION = NO;
				CLANG_ANALYZER_NONNULL = YES;
				CLANG_ANALYZER_NUMBER_OBJECT_CONVERSION = YES_AGGRESSIVE;
				CLANG_CXX_LANGUAGE_STANDARD = "gnu++20";
				CLANG_ENABLE_MODULES = YES;
				CLANG_ENABLE_OBJC_ARC = YES;
				CLANG_ENABLE_OBJC_WEAK = YES;
				CLANG_WARN_BLOCK_CAPTURE_AUTORELEASING = YES;
				CLANG_WARN_BOOL_CONVERSION = YES;
				CLANG_WARN_COMMA = YES;
				CLANG_WARN_CONSTANT_CONVERSION = YES;
				CLANG_WARN_DEPRECATED_OBJC_IMPLEMENTATIONS = YES;
				CLANG_WARN_DIRECT_OBJC_ISA_USAGE = YES_ERROR;
				CLANG_WARN_DOCUMENTATION_COMMENTS = YES;
				CLANG_WARN_EMPTY_BODY = YES;
				CLANG_WARN_ENUM_CONVERSION = YES;
				CLANG_WARN_INFINITE_RECURSION = YES;
				CLANG_WARN_INT_CONVERSION = YES;
				CLANG_WARN_NON_LITERAL_NULL_CONVERSION = YES;
				CLANG_WARN_OBJC_IMPLICIT_RETAIN_SELF = YES;
				CLANG_WARN_OBJC_LITERAL_CONVERSION = YES;
				CLANG_WARN_OBJC_ROOT_CLASS = YES_ERROR;
				CLANG_WARN_QUOTED_INCLUDE_IN_FRAMEWORK_HEADER = YES;
				CLANG_WARN_RANGE_LOOP_ANALYSIS = YES;
				CLANG_WARN_STRICT_PROTOTYPES = YES;
				CLANG_WARN_SUSPICIOUS_MOVE = YES;
				CLANG_WARN_UNGUARDED_AVAILABILITY = YES_AGGRESSIVE;
				CLANG_WARN_UNREACHABLE_CODE = YES;
				CLANG_WARN__DUPLICATE_METHOD_MATCH = YES;
				COPY_PHASE_STRIP = NO;
				CURRENT_PROJECT_VERSION = 1;
				DEBUG_INFORMATION_FORMAT = "dwarf-with-dsym";
				ENABLE_NS_ASSERTIONS = NO;
				ENABLE_STRICT_OBJC_MSGSEND = YES;
				ENABLE_USER_SCRIPT_SANDBOXING = YES;
				GCC_C_LANGUAGE_STANDARD = gnu17;
				GCC_NO_COMMON_BLOCKS = YES;
				GCC_WARN_64_TO_32_BIT_CONVERSION = YES;
				GCC_WARN_ABOUT_RETURN_TYPE = YES_ERROR;
				GCC_WARN_UNDECLARED_SELECTOR = YES;
				GCC_WARN_UNINITIALIZED_AUTOS = YES_AGGRESSIVE;
				GCC_WARN_UNUSED_FUNCTION = YES;
				GCC_WARN_UNUSED_VARIABLE = YES;
				IPHONEOS_DEPLOYMENT_TARGET = 15.0;
				LOCALIZATION_PREFERS_STRING_CATALOGS = YES;
				MTL_ENABLE_DEBUG_INFO = NO;
				MTL_FAST_MATH = YES;
				SDKROOT = iphoneos;
				SWIFT_COMPILATION_MODE = wholemodule;
				VALIDATE_PRODUCT = YES;
				VERSIONING_SYSTEM = "apple-generic";
				VERSION_INFO_PREFIX = "";
			};
			name = Release;
		};
		B80BDA5F2C4E3EC900DA8BB6 /* Debug */ = {
			isa = XCBuildConfiguration;
			buildSettings = {
				BUILD_LIBRARY_FOR_DISTRIBUTION = YES;
				CLANG_ENABLE_MODULES = YES;
				CODE_SIGN_STYLE = Automatic;
				CURRENT_PROJECT_VERSION = 1;
				DEFINES_MODULE = YES;
				DEVELOPMENT_TEAM = "";
				DYLIB_COMPATIBILITY_VERSION = 1;
				DYLIB_CURRENT_VERSION = 1;
				DYLIB_INSTALL_NAME_BASE = "@rpath";
				ENABLE_MODULE_VERIFIER = YES;
				GENERATE_INFOPLIST_FILE = YES;
				INFOPLIST_KEY_NSHumanReadableCopyright = "";
				INSTALL_PATH = "$(LOCAL_LIBRARY_DIR)/Frameworks";
				IPHONEOS_DEPLOYMENT_TARGET = 15.0;
				LD_RUNPATH_SEARCH_PATHS = (
					"$(inherited)",
					"@executable_path/Frameworks",
					"@loader_path/Frameworks",
				);
				MARKETING_VERSION = 1.0;
				MODULE_VERIFIER_SUPPORTED_LANGUAGES = "objective-c objective-c++";
				MODULE_VERIFIER_SUPPORTED_LANGUAGE_STANDARDS = "gnu17 gnu++20";
				PRODUCT_BUNDLE_IDENTIFIER = com.TopazFanClubNew.data;
				PRODUCT_NAME = "$(TARGET_NAME:c99extidentifier)";
				SKIP_INSTALL = YES;
				SUPPORTED_PLATFORMS = "iphoneos iphonesimulator";
				SUPPORTS_MACCATALYST = NO;
				SUPPORTS_MAC_DESIGNED_FOR_IPHONE_IPAD = NO;
				SUPPORTS_XR_DESIGNED_FOR_IPHONE_IPAD = NO;
				SWIFT_EMIT_LOC_STRINGS = YES;
				SWIFT_INSTALL_OBJC_HEADER = NO;
				SWIFT_OPTIMIZATION_LEVEL = "-Onone";
				SWIFT_VERSION = 5.0;
				TARGETED_DEVICE_FAMILY = 1;
			};
			name = Debug;
		};
		B80BDA602C4E3EC900DA8BB6 /* Release */ = {
			isa = XCBuildConfiguration;
			buildSettings = {
				BUILD_LIBRARY_FOR_DISTRIBUTION = YES;
				CLANG_ENABLE_MODULES = YES;
				CODE_SIGN_STYLE = Automatic;
				CURRENT_PROJECT_VERSION = 1;
				DEFINES_MODULE = YES;
				DEVELOPMENT_TEAM = "";
				DYLIB_COMPATIBILITY_VERSION = 1;
				DYLIB_CURRENT_VERSION = 1;
				DYLIB_INSTALL_NAME_BASE = "@rpath";
				ENABLE_MODULE_VERIFIER = YES;
				GENERATE_INFOPLIST_FILE = YES;
				INFOPLIST_KEY_NSHumanReadableCopyright = "";
				INSTALL_PATH = "$(LOCAL_LIBRARY_DIR)/Frameworks";
				IPHONEOS_DEPLOYMENT_TARGET = 15.0;
				LD_RUNPATH_SEARCH_PATHS = (
					"$(inherited)",
					"@executable_path/Frameworks",
					"@loader_path/Frameworks",
				);
				MARKETING_VERSION = 1.0;
				MODULE_VERIFIER_SUPPORTED_LANGUAGES = "objective-c objective-c++";
				MODULE_VERIFIER_SUPPORTED_LANGUAGE_STANDARDS = "gnu17 gnu++20";
				PRODUCT_BUNDLE_IDENTIFIER = com.TopazFanClubNew.data;
				PRODUCT_NAME = "$(TARGET_NAME:c99extidentifier)";
				SKIP_INSTALL = YES;
				SUPPORTED_PLATFORMS = "iphoneos iphonesimulator";
				SUPPORTS_MACCATALYST = NO;
				SUPPORTS_MAC_DESIGNED_FOR_IPHONE_IPAD = NO;
				SUPPORTS_XR_DESIGNED_FOR_IPHONE_IPAD = NO;
				SWIFT_EMIT_LOC_STRINGS = YES;
				SWIFT_INSTALL_OBJC_HEADER = NO;
				SWIFT_VERSION = 5.0;
				TARGETED_DEVICE_FAMILY = 1;
			};
			name = Release;
		};
/* End XCBuildConfiguration section */

/* Begin XCConfigurationList section */
		B80BDA512C4E3EC900DA8BB6 /* Build configuration list for PBXProject "data" */ = {
			isa = XCConfigurationList;
			buildConfigurations = (
				B80BDA5C2C4E3EC900DA8BB6 /* Debug */,
				B80BDA5D2C4E3EC900DA8BB6 /* Release */,
			);
			defaultConfigurationIsVisible = 0;
			defaultConfigurationName = Release;
		};
		B80BDA5E2C4E3EC900DA8BB6 /* Build configuration list for PBXNativeTarget "data" */ = {
			isa = XCConfigurationList;
			buildConfigurations = (
				B80BDA5F2C4E3EC900DA8BB6 /* Debug */,
				B80BDA602C4E3EC900DA8BB6 /* Release */,
			);
			defaultConfigurationIsVisible = 0;
			defaultConfigurationName = Release;
		};
/* End XCConfigurationList section */

/* Begin XCRemoteSwiftPackageReference section */
		1E4A86512C649C4700BB1086 /* XCRemoteSwiftPackageReference "Alamofire" */ = {
			isa = XCRemoteSwiftPackageReference;
			repositoryURL = "https://github.com/Alamofire/Alamofire.git";
			requirement = {
				kind = exactVersion;
				version = 5.6.1;
			};
		};
/* End XCRemoteSwiftPackageReference section */

/* Begin XCSwiftPackageProductDependency section */
		1E4A86522C649C4700BB1086 /* Alamofire */ = {
			isa = XCSwiftPackageProductDependency;
			package = 1E4A86512C649C4700BB1086 /* XCRemoteSwiftPackageReference "Alamofire" */;
			productName = Alamofire;
		};
/* End XCSwiftPackageProductDependency section */
	};
	rootObject = B80BDA4E2C4E3EC900DA8BB6 /* Project object */;
}
