// !$*UTF8*$!
{
	archiveVersion = 1;
	classes = {
	};
	objectVersion = 56;
	objects = {

/* Begin PBXBuildFile section */
		1E214FF72C5FF94700CDED85 /* BottomSheetPresentationController.swift in Sources */ = {isa = PBXBuildFile; fileRef = 1E214FF62C5FF94700CDED85 /* BottomSheetPresentationController.swift */; };
		1E214FF92C5FF9AA00CDED85 /* BottomSheetTransitioningDelegate.swift in Sources */ = {isa = PBXBuildFile; fileRef = 1E214FF82C5FF9AA00CDED85 /* BottomSheetTransitioningDelegate.swift */; };
		1E214FFD2C5FFA0B00CDED85 /* BottomSheetViewController.swift in Sources */ = {isa = PBXBuildFile; fileRef = 1E214FFC2C5FFA0B00CDED85 /* BottomSheetViewController.swift */; };
		1E70685B2C5B664500366360 /* DistrictSelectionViewController.swift in Sources */ = {isa = PBXBuildFile; fileRef = 1E70685A2C5B664500366360 /* DistrictSelectionViewController.swift */; };
		1E70685D2C5B668500366360 /* DistrictSelectionViewModel.swift in Sources */ = {isa = PBXBuildFile; fileRef = 1E70685C2C5B668500366360 /* DistrictSelectionViewModel.swift */; };
		1EA44F1E2C5A22B900BDA94C /* CitySelectionViewController.swift in Sources */ = {isa = PBXBuildFile; fileRef = 1EA44F1D2C5A22B900BDA94C /* CitySelectionViewController.swift */; };
		1EA44F202C5A2FA100BDA94C /* CitySelectionViewModel.swift in Sources */ = {isa = PBXBuildFile; fileRef = 1EA44F1F2C5A2FA100BDA94C /* CitySelectionViewModel.swift */; };
		1EA44F232C5A697400BDA94C /* CustomCityAndDistrictTableViewCell.swift in Sources */ = {isa = PBXBuildFile; fileRef = 1EA44F222C5A697400BDA94C /* CustomCityAndDistrictTableViewCell.swift */; };
		1ECBFA6A2C609E4100C68A50 /* BottomSheetAnimatedTransitioning.swift in Sources */ = {isa = PBXBuildFile; fileRef = 1ECBFA692C609E4100C68A50 /* BottomSheetAnimatedTransitioning.swift */; };
		B80BDA0D2C4E3E5B00DA8BB6 /* presentation.h in Headers */ = {isa = PBXBuildFile; fileRef = B80BDA0C2C4E3E5B00DA8BB6 /* presentation.h */; settings = {ATTRIBUTES = (Public, ); }; };
		B80BDA6E2C4E3EE600DA8BB6 /* domain.framework in Frameworks */ = {isa = PBXBuildFile; fileRef = B80BDA6D2C4E3EE600DA8BB6 /* domain.framework */; };
		B80BDA6F2C4E3EE600DA8BB6 /* domain.framework in Embed Frameworks */ = {isa = PBXBuildFile; fileRef = B80BDA6D2C4E3EE600DA8BB6 /* domain.framework */; settings = {ATTRIBUTES = (CodeSignOnCopy, RemoveHeadersOnCopy, ); }; };
		B80BDADF2C4E773000DA8BB6 /* TestVC.swift in Sources */ = {isa = PBXBuildFile; fileRef = B80BDADE2C4E773000DA8BB6 /* TestVC.swift */; };
		B80BDAEC2C4E7AE400DA8BB6 /* Localizable.strings in Resources */ = {isa = PBXBuildFile; fileRef = B80BDAEA2C4E7AE400DA8BB6 /* Localizable.strings */; };
		B80BDAF02C4E7BCB00DA8BB6 /* Localization+Extensions.swift in Sources */ = {isa = PBXBuildFile; fileRef = B80BDAEF2C4E7BCB00DA8BB6 /* Localization+Extensions.swift */; };
		B80BDAF22C4E7D5E00DA8BB6 /* InputView.swift in Sources */ = {isa = PBXBuildFile; fileRef = B80BDAF12C4E7D5E00DA8BB6 /* InputView.swift */; };
		B80BDAF52C4E82D600DA8BB6 /* PresentationDI.swift in Sources */ = {isa = PBXBuildFile; fileRef = B80BDAF42C4E82D600DA8BB6 /* PresentationDI.swift */; };
		B80BDAF82C4E84AB00DA8BB6 /* TabbarController.swift in Sources */ = {isa = PBXBuildFile; fileRef = B80BDAF72C4E84AB00DA8BB6 /* TabbarController.swift */; };
		B80BDB002C4E851E00DA8BB6 /* Media.xcassets in Resources */ = {isa = PBXBuildFile; fileRef = B80BDAFF2C4E851E00DA8BB6 /* Media.xcassets */; };
		B80BDB022C4E852900DA8BB6 /* Colors.xcassets in Resources */ = {isa = PBXBuildFile; fileRef = B80BDB012C4E852900DA8BB6 /* Colors.xcassets */; };
		B80BDB042C4E884D00DA8BB6 /* Router.swift in Sources */ = {isa = PBXBuildFile; fileRef = B80BDB032C4E884D00DA8BB6 /* Router.swift */; };
		B84136342C61E9CB0001E1D9 /* HomeViewController.swift in Sources */ = {isa = PBXBuildFile; fileRef = B84136332C61E9CB0001E1D9 /* HomeViewController.swift */; };
		B841363C2C6238110001E1D9 /* PersonalInformationViewModel.swift in Sources */ = {isa = PBXBuildFile; fileRef = B841363B2C6238110001E1D9 /* PersonalInformationViewModel.swift */; };
		B841363F2C6238690001E1D9 /* PersonalInformationModel.swift in Sources */ = {isa = PBXBuildFile; fileRef = B841363E2C6238690001E1D9 /* PersonalInformationModel.swift */; };
		B846F78B2C5221AB008E8407 /* RegisterViewModel.swift in Sources */ = {isa = PBXBuildFile; fileRef = B846F78A2C5221AB008E8407 /* RegisterViewModel.swift */; };
		B85F8FAB2C57C6650078F164 /* LoadingViewUI.swift in Sources */ = {isa = PBXBuildFile; fileRef = B85F8FAA2C57C6650078F164 /* LoadingViewUI.swift */; };
		B85F8FAE2C57CF720078F164 /* LoadingView.swift in Sources */ = {isa = PBXBuildFile; fileRef = B85F8FAD2C57CF720078F164 /* LoadingView.swift */; };
		B86B50992C512BA20083A038 /* RegisterViewController.swift in Sources */ = {isa = PBXBuildFile; fileRef = B86B50982C512BA20083A038 /* RegisterViewController.swift */; };
		B86B509B2C512E090083A038 /* UITextField+Extensions.swift in Sources */ = {isa = PBXBuildFile; fileRef = B86B509A2C512E090083A038 /* UITextField+Extensions.swift */; };
		B86B509E2C512FF30083A038 /* String+Extensions.swift in Sources */ = {isa = PBXBuildFile; fileRef = B86B509D2C512FF30083A038 /* String+Extensions.swift */; };
		B86B50A22C5135680083A038 /* OtpViewController.swift in Sources */ = {isa = PBXBuildFile; fileRef = B86B50A12C5135680083A038 /* OtpViewController.swift */; };
		B88CFDB42C4F89EB0079EECF /* ForceUpdateVC.swift in Sources */ = {isa = PBXBuildFile; fileRef = B88CFDB32C4F89EB0079EECF /* ForceUpdateVC.swift */; };
		B88CFDB62C4FC0650079EECF /* UIImageView+Extensions.swift in Sources */ = {isa = PBXBuildFile; fileRef = B88CFDB52C4FC0650079EECF /* UIImageView+Extensions.swift */; };
		B88CFDB82C4FC1030079EECF /* UIBaseViewController.swift in Sources */ = {isa = PBXBuildFile; fileRef = B88CFDB72C4FC1030079EECF /* UIBaseViewController.swift */; };
		B88CFDBA2C4FC1A60079EECF /* BaseViewModel.swift in Sources */ = {isa = PBXBuildFile; fileRef = B88CFDB92C4FC1A60079EECF /* BaseViewModel.swift */; };
		B88CFDBD2C4FC2A30079EECF /* UIStackView+Extensions.swift in Sources */ = {isa = PBXBuildFile; fileRef = B88CFDBC2C4FC2A30079EECF /* UIStackView+Extensions.swift */; };
		B88CFDBF2C4FC2BF0079EECF /* UIView+Extensions.swift in Sources */ = {isa = PBXBuildFile; fileRef = B88CFDBE2C4FC2BF0079EECF /* UIView+Extensions.swift */; };
		B88CFDC12C4FC2CE0079EECF /* UICollectionView+Extensions.swift in Sources */ = {isa = PBXBuildFile; fileRef = B88CFDC02C4FC2CE0079EECF /* UICollectionView+Extensions.swift */; };
		B88CFDC32C4FC3220079EECF /* UITableView+Extensions.swift in Sources */ = {isa = PBXBuildFile; fileRef = B88CFDC22C4FC3220079EECF /* UITableView+Extensions.swift */; };
		B88CFDC52C4FC3480079EECF /* UIViewController+Extensions.swift in Sources */ = {isa = PBXBuildFile; fileRef = B88CFDC42C4FC3480079EECF /* UIViewController+Extensions.swift */; };
		B88CFDC72C4FC6E60079EECF /* UILabel+Extensions.swift in Sources */ = {isa = PBXBuildFile; fileRef = B88CFDC62C4FC6E60079EECF /* UILabel+Extensions.swift */; };
		B88CFDC92C4FD5910079EECF /* UIButton+Extensions.swift in Sources */ = {isa = PBXBuildFile; fileRef = B88CFDC82C4FD5910079EECF /* UIButton+Extensions.swift */; };
		B88CFDCB2C4FD7650079EECF /* BaseButton.swift in Sources */ = {isa = PBXBuildFile; fileRef = B88CFDCA2C4FD7650079EECF /* BaseButton.swift */; };
		B8A6AC132C624ED8009B29FF /* PersonalInformationViewController.swift in Sources */ = {isa = PBXBuildFile; fileRef = B8A6AC122C624ED8009B29FF /* PersonalInformationViewController.swift */; };
		B8A9E6422C58C798009D4B63 /* OtpViewModel.swift in Sources */ = {isa = PBXBuildFile; fileRef = B8A9E6412C58C798009D4B63 /* OtpViewModel.swift */; };
		B8A9E6452C59097C009D4B63 /* OtpView.swift in Sources */ = {isa = PBXBuildFile; fileRef = B8A9E6442C59097C009D4B63 /* OtpView.swift */; };
		B8A9E6472C590E0A009D4B63 /* Double+Extensions.swift in Sources */ = {isa = PBXBuildFile; fileRef = B8A9E6462C590E0A009D4B63 /* Double+Extensions.swift */; };
/* End PBXBuildFile section */

/* Begin PBXCopyFilesBuildPhase section */
		B80BDA702C4E3EE600DA8BB6 /* Embed Frameworks */ = {
			isa = PBXCopyFilesBuildPhase;
			buildActionMask = 2147483647;
			dstPath = "";
			dstSubfolderSpec = 10;
			files = (
				B80BDA6F2C4E3EE600DA8BB6 /* domain.framework in Embed Frameworks */,
			);
			name = "Embed Frameworks";
			runOnlyForDeploymentPostprocessing = 0;
		};
/* End PBXCopyFilesBuildPhase section */

/* Begin PBXFileReference section */
		1E214FF62C5FF94700CDED85 /* BottomSheetPresentationController.swift */ = {isa = PBXFileReference; lastKnownFileType = sourcecode.swift; path = BottomSheetPresentationController.swift; sourceTree = "<group>"; };
		1E214FF82C5FF9AA00CDED85 /* BottomSheetTransitioningDelegate.swift */ = {isa = PBXFileReference; lastKnownFileType = sourcecode.swift; path = BottomSheetTransitioningDelegate.swift; sourceTree = "<group>"; };
		1E214FFC2C5FFA0B00CDED85 /* BottomSheetViewController.swift */ = {isa = PBXFileReference; lastKnownFileType = sourcecode.swift; path = BottomSheetViewController.swift; sourceTree = "<group>"; };
		1E70685A2C5B664500366360 /* DistrictSelectionViewController.swift */ = {isa = PBXFileReference; lastKnownFileType = sourcecode.swift; path = DistrictSelectionViewController.swift; sourceTree = "<group>"; };
		1E70685C2C5B668500366360 /* DistrictSelectionViewModel.swift */ = {isa = PBXFileReference; lastKnownFileType = sourcecode.swift; path = DistrictSelectionViewModel.swift; sourceTree = "<group>"; };
		1EA44F1D2C5A22B900BDA94C /* CitySelectionViewController.swift */ = {isa = PBXFileReference; lastKnownFileType = sourcecode.swift; path = CitySelectionViewController.swift; sourceTree = "<group>"; };
		1EA44F1F2C5A2FA100BDA94C /* CitySelectionViewModel.swift */ = {isa = PBXFileReference; lastKnownFileType = sourcecode.swift; name = CitySelectionViewModel.swift; path = presentation/Screens/CitySelection/ViewModel/CitySelectionViewModel.swift; sourceTree = SOURCE_ROOT; };
		1EA44F222C5A697400BDA94C /* CustomCityAndDistrictTableViewCell.swift */ = {isa = PBXFileReference; lastKnownFileType = sourcecode.swift; path = CustomCityAndDistrictTableViewCell.swift; sourceTree = "<group>"; };
		1ECBFA692C609E4100C68A50 /* BottomSheetAnimatedTransitioning.swift */ = {isa = PBXFileReference; lastKnownFileType = sourcecode.swift; path = BottomSheetAnimatedTransitioning.swift; sourceTree = "<group>"; };
		B80BDA092C4E3E5B00DA8BB6 /* presentation.framework */ = {isa = PBXFileReference; explicitFileType = wrapper.framework; includeInIndex = 0; path = presentation.framework; sourceTree = BUILT_PRODUCTS_DIR; };
		B80BDA0C2C4E3E5B00DA8BB6 /* presentation.h */ = {isa = PBXFileReference; lastKnownFileType = sourcecode.c.h; path = presentation.h; sourceTree = "<group>"; };
		B80BDA6D2C4E3EE600DA8BB6 /* domain.framework */ = {isa = PBXFileReference; explicitFileType = wrapper.framework; path = domain.framework; sourceTree = BUILT_PRODUCTS_DIR; };
		B80BDADE2C4E773000DA8BB6 /* TestVC.swift */ = {isa = PBXFileReference; lastKnownFileType = sourcecode.swift; path = TestVC.swift; sourceTree = "<group>"; };
		B80BDAEB2C4E7AE400DA8BB6 /* en */ = {isa = PBXFileReference; lastKnownFileType = text.plist.strings; name = en; path = en.lproj/Localizable.strings; sourceTree = "<group>"; };
		B80BDAED2C4E7B8F00DA8BB6 /* az-AZ */ = {isa = PBXFileReference; lastKnownFileType = text.plist.strings; name = "az-AZ"; path = "az-AZ.lproj/Localizable.strings"; sourceTree = "<group>"; };
		B80BDAEE2C4E7BAD00DA8BB6 /* ru */ = {isa = PBXFileReference; lastKnownFileType = text.plist.strings; name = ru; path = ru.lproj/Localizable.strings; sourceTree = "<group>"; };
		B80BDAEF2C4E7BCB00DA8BB6 /* Localization+Extensions.swift */ = {isa = PBXFileReference; lastKnownFileType = sourcecode.swift; path = "Localization+Extensions.swift"; sourceTree = "<group>"; };
		B80BDAF12C4E7D5E00DA8BB6 /* InputView.swift */ = {isa = PBXFileReference; lastKnownFileType = sourcecode.swift; path = InputView.swift; sourceTree = "<group>"; };
		B80BDAF42C4E82D600DA8BB6 /* PresentationDI.swift */ = {isa = PBXFileReference; lastKnownFileType = sourcecode.swift; path = PresentationDI.swift; sourceTree = "<group>"; };
		B80BDAF72C4E84AB00DA8BB6 /* TabbarController.swift */ = {isa = PBXFileReference; lastKnownFileType = sourcecode.swift; path = TabbarController.swift; sourceTree = "<group>"; };
		B80BDAFF2C4E851E00DA8BB6 /* Media.xcassets */ = {isa = PBXFileReference; lastKnownFileType = folder.assetcatalog; path = Media.xcassets; sourceTree = "<group>"; };
		B80BDB012C4E852900DA8BB6 /* Colors.xcassets */ = {isa = PBXFileReference; lastKnownFileType = folder.assetcatalog; path = Colors.xcassets; sourceTree = "<group>"; };
		B80BDB032C4E884D00DA8BB6 /* Router.swift */ = {isa = PBXFileReference; lastKnownFileType = sourcecode.swift; path = Router.swift; sourceTree = "<group>"; };
		B84136332C61E9CB0001E1D9 /* HomeViewController.swift */ = {isa = PBXFileReference; lastKnownFileType = sourcecode.swift; path = HomeViewController.swift; sourceTree = "<group>"; };
		B841363B2C6238110001E1D9 /* PersonalInformationViewModel.swift */ = {isa = PBXFileReference; lastKnownFileType = sourcecode.swift; path = PersonalInformationViewModel.swift; sourceTree = "<group>"; };
		B841363E2C6238690001E1D9 /* PersonalInformationModel.swift */ = {isa = PBXFileReference; lastKnownFileType = sourcecode.swift; path = PersonalInformationModel.swift; sourceTree = "<group>"; };
		B846F78A2C5221AB008E8407 /* RegisterViewModel.swift */ = {isa = PBXFileReference; lastKnownFileType = sourcecode.swift; path = RegisterViewModel.swift; sourceTree = "<group>"; };
		B85F8FAA2C57C6650078F164 /* LoadingViewUI.swift */ = {isa = PBXFileReference; lastKnownFileType = sourcecode.swift; path = LoadingViewUI.swift; sourceTree = "<group>"; };
		B85F8FAD2C57CF720078F164 /* LoadingView.swift */ = {isa = PBXFileReference; lastKnownFileType = sourcecode.swift; path = LoadingView.swift; sourceTree = "<group>"; };
		B86B50982C512BA20083A038 /* RegisterViewController.swift */ = {isa = PBXFileReference; lastKnownFileType = sourcecode.swift; path = RegisterViewController.swift; sourceTree = "<group>"; };
		B86B509A2C512E090083A038 /* UITextField+Extensions.swift */ = {isa = PBXFileReference; lastKnownFileType = sourcecode.swift; path = "UITextField+Extensions.swift"; sourceTree = "<group>"; };
		B86B509D2C512FF30083A038 /* String+Extensions.swift */ = {isa = PBXFileReference; lastKnownFileType = sourcecode.swift; path = "String+Extensions.swift"; sourceTree = "<group>"; };
		B86B50A12C5135680083A038 /* OtpViewController.swift */ = {isa = PBXFileReference; lastKnownFileType = sourcecode.swift; path = OtpViewController.swift; sourceTree = "<group>"; };
		B88CFDB32C4F89EB0079EECF /* ForceUpdateVC.swift */ = {isa = PBXFileReference; lastKnownFileType = sourcecode.swift; path = ForceUpdateVC.swift; sourceTree = "<group>"; };
		B88CFDB52C4FC0650079EECF /* UIImageView+Extensions.swift */ = {isa = PBXFileReference; lastKnownFileType = sourcecode.swift; path = "UIImageView+Extensions.swift"; sourceTree = "<group>"; };
		B88CFDB72C4FC1030079EECF /* UIBaseViewController.swift */ = {isa = PBXFileReference; lastKnownFileType = sourcecode.swift; path = UIBaseViewController.swift; sourceTree = "<group>"; };
		B88CFDB92C4FC1A60079EECF /* BaseViewModel.swift */ = {isa = PBXFileReference; lastKnownFileType = sourcecode.swift; path = BaseViewModel.swift; sourceTree = "<group>"; };
		B88CFDBC2C4FC2A30079EECF /* UIStackView+Extensions.swift */ = {isa = PBXFileReference; lastKnownFileType = sourcecode.swift; path = "UIStackView+Extensions.swift"; sourceTree = "<group>"; };
		B88CFDBE2C4FC2BF0079EECF /* UIView+Extensions.swift */ = {isa = PBXFileReference; lastKnownFileType = sourcecode.swift; path = "UIView+Extensions.swift"; sourceTree = "<group>"; };
		B88CFDC02C4FC2CE0079EECF /* UICollectionView+Extensions.swift */ = {isa = PBXFileReference; lastKnownFileType = sourcecode.swift; path = "UICollectionView+Extensions.swift"; sourceTree = "<group>"; };
		B88CFDC22C4FC3220079EECF /* UITableView+Extensions.swift */ = {isa = PBXFileReference; lastKnownFileType = sourcecode.swift; path = "UITableView+Extensions.swift"; sourceTree = "<group>"; };
		B88CFDC42C4FC3480079EECF /* UIViewController+Extensions.swift */ = {isa = PBXFileReference; lastKnownFileType = sourcecode.swift; path = "UIViewController+Extensions.swift"; sourceTree = "<group>"; };
		B88CFDC62C4FC6E60079EECF /* UILabel+Extensions.swift */ = {isa = PBXFileReference; lastKnownFileType = sourcecode.swift; path = "UILabel+Extensions.swift"; sourceTree = "<group>"; };
		B88CFDC82C4FD5910079EECF /* UIButton+Extensions.swift */ = {isa = PBXFileReference; lastKnownFileType = sourcecode.swift; path = "UIButton+Extensions.swift"; sourceTree = "<group>"; };
		B88CFDCA2C4FD7650079EECF /* BaseButton.swift */ = {isa = PBXFileReference; lastKnownFileType = sourcecode.swift; path = BaseButton.swift; sourceTree = "<group>"; };
		B8A6AC122C624ED8009B29FF /* PersonalInformationViewController.swift */ = {isa = PBXFileReference; lastKnownFileType = sourcecode.swift; path = PersonalInformationViewController.swift; sourceTree = "<group>"; };
		B8A9E6412C58C798009D4B63 /* OtpViewModel.swift */ = {isa = PBXFileReference; lastKnownFileType = sourcecode.swift; path = OtpViewModel.swift; sourceTree = "<group>"; };
		B8A9E6442C59097C009D4B63 /* OtpView.swift */ = {isa = PBXFileReference; lastKnownFileType = sourcecode.swift; path = OtpView.swift; sourceTree = "<group>"; };
		B8A9E6462C590E0A009D4B63 /* Double+Extensions.swift */ = {isa = PBXFileReference; lastKnownFileType = sourcecode.swift; path = "Double+Extensions.swift"; sourceTree = "<group>"; };
/* End PBXFileReference section */

/* Begin PBXFrameworksBuildPhase section */
		B80BDA062C4E3E5B00DA8BB6 /* Frameworks */ = {
			isa = PBXFrameworksBuildPhase;
			buildActionMask = 2147483647;
			files = (
				B80BDA6E2C4E3EE600DA8BB6 /* domain.framework in Frameworks */,
			);
			runOnlyForDeploymentPostprocessing = 0;
		};
/* End PBXFrameworksBuildPhase section */

/* Begin PBXGroup section */
		1E7068572C5B660F00366360 /* DistrictSelection */ = {
			isa = PBXGroup;
			children = (
				1E7068592C5B662200366360 /* ViewModel */,
				1E7068582C5B661800366360 /* View */,
			);
			path = DistrictSelection;
			sourceTree = "<group>";
		};
		1E7068582C5B661800366360 /* View */ = {
			isa = PBXGroup;
			children = (
				1E70685A2C5B664500366360 /* DistrictSelectionViewController.swift */,
			);
			path = View;
			sourceTree = "<group>";
		};
		1E7068592C5B662200366360 /* ViewModel */ = {
			isa = PBXGroup;
			children = (
				1E70685C2C5B668500366360 /* DistrictSelectionViewModel.swift */,
			);
			path = ViewModel;
			sourceTree = "<group>";
		};
		1EA44F1A2C5A228400BDA94C /* CitySelection */ = {
			isa = PBXGroup;
			children = (
				1EA44F1C2C5A229D00BDA94C /* View */,
				1EA44F1B2C5A229900BDA94C /* ViewModel */,
			);
			path = CitySelection;
			sourceTree = "<group>";
		};
		1EA44F1B2C5A229900BDA94C /* ViewModel */ = {
			isa = PBXGroup;
			children = (
				1EA44F1F2C5A2FA100BDA94C /* CitySelectionViewModel.swift */,
			);
			path = ViewModel;
			sourceTree = "<group>";
		};
		1EA44F1C2C5A229D00BDA94C /* View */ = {
			isa = PBXGroup;
			children = (
				1EA44F1D2C5A22B900BDA94C /* CitySelectionViewController.swift */,
			);
			path = View;
			sourceTree = "<group>";
		};
		1EA44F212C5A691700BDA94C /* CustomTableViewCells */ = {
			isa = PBXGroup;
			children = (
				1EA44F222C5A697400BDA94C /* CustomCityAndDistrictTableViewCell.swift */,
			);
			path = CustomTableViewCells;
			sourceTree = "<group>";
		};
		1ECBFA682C60973300C68A50 /* BottomSheet */ = {
			isa = PBXGroup;
			children = (
				1E214FFC2C5FFA0B00CDED85 /* BottomSheetViewController.swift */,
				1E214FF82C5FF9AA00CDED85 /* BottomSheetTransitioningDelegate.swift */,
				1E214FF62C5FF94700CDED85 /* BottomSheetPresentationController.swift */,
				1ECBFA692C609E4100C68A50 /* BottomSheetAnimatedTransitioning.swift */,
			);
			path = BottomSheet;
			sourceTree = "<group>";
		};
		B80BD9FF2C4E3E5B00DA8BB6 = {
			isa = PBXGroup;
			children = (
				B80BDA0B2C4E3E5B00DA8BB6 /* presentation */,
				B80BDA0A2C4E3E5B00DA8BB6 /* Products */,
				B80BDA6C2C4E3EE600DA8BB6 /* Frameworks */,
			);
			sourceTree = "<group>";
		};
		B80BDA0A2C4E3E5B00DA8BB6 /* Products */ = {
			isa = PBXGroup;
			children = (
				B80BDA092C4E3E5B00DA8BB6 /* presentation.framework */,
			);
			name = Products;
			sourceTree = "<group>";
		};
		B80BDA0B2C4E3E5B00DA8BB6 /* presentation */ = {
			isa = PBXGroup;
			children = (
				1ECBFA682C60973300C68A50 /* BottomSheet */,
				B80BDAF32C4E82CC00DA8BB6 /* DI */,
				B80BDAE32C4E77F400DA8BB6 /* Utils */,
				B80BDAE42C4E785100DA8BB6 /* Routing */,
				B80BDAE12C4E77B300DA8BB6 /* Screens */,
				B80BDAE22C4E77BF00DA8BB6 /* Resources */,
				B80BDA0C2C4E3E5B00DA8BB6 /* presentation.h */,
			);
			path = presentation;
			sourceTree = "<group>";
		};
		B80BDA6C2C4E3EE600DA8BB6 /* Frameworks */ = {
			isa = PBXGroup;
			children = (
				B80BDA6D2C4E3EE600DA8BB6 /* domain.framework */,
			);
			name = Frameworks;
			sourceTree = "<group>";
		};
		B80BDADD2C4E772800DA8BB6 /* Test */ = {
			isa = PBXGroup;
			children = (
				B80BDADE2C4E773000DA8BB6 /* TestVC.swift */,
			);
			path = Test;
			sourceTree = "<group>";
		};
		B80BDAE02C4E77AC00DA8BB6 /* Base */ = {
			isa = PBXGroup;
			children = (
				B88CFDB72C4FC1030079EECF /* UIBaseViewController.swift */,
				B88CFDB92C4FC1A60079EECF /* BaseViewModel.swift */,
				B88CFDCA2C4FD7650079EECF /* BaseButton.swift */,
			);
			path = Base;
			sourceTree = "<group>";
		};
		B80BDAE12C4E77B300DA8BB6 /* Screens */ = {
			isa = PBXGroup;
			children = (
				B84136312C61E9BE0001E1D9 /* Home */,
				B80BDAF62C4E846600DA8BB6 /* Tabbar */,
				B88CFDB12C4F89DD0079EECF /* ForceUpdate */,
				B86B50962C512B930083A038 /* Register */,
				B86B509F2C5135460083A038 /* OTP */,
				B8CD2A772C537AF4006E6C91 /* PersonalInformation */,
				B80BDADD2C4E772800DA8BB6 /* Test */,
				1EA44F1A2C5A228400BDA94C /* CitySelection */,
				1E7068572C5B660F00366360 /* DistrictSelection */,
			);
			path = Screens;
			sourceTree = "<group>";
		};
		B80BDAE22C4E77BF00DA8BB6 /* Resources */ = {
			isa = PBXGroup;
			children = (
				B80BDAFE2C4E851500DA8BB6 /* Assets */,
			);
			path = Resources;
			sourceTree = "<group>";
		};
		B80BDAE32C4E77F400DA8BB6 /* Utils */ = {
			isa = PBXGroup;
			children = (
				B80BDAE82C4E7A6E00DA8BB6 /* Helper */,
				B80BDAE02C4E77AC00DA8BB6 /* Base */,
				B80BDAE62C4E795F00DA8BB6 /* Customs */,
				B80BDAE72C4E798600DA8BB6 /* Extensions */,
				B80BDAE92C4E7A8200DA8BB6 /* Localization */,
			);
			path = Utils;
			sourceTree = "<group>";
		};
		B80BDAE42C4E785100DA8BB6 /* Routing */ = {
			isa = PBXGroup;
			children = (
				B80BDB032C4E884D00DA8BB6 /* Router.swift */,
			);
			path = Routing;
			sourceTree = "<group>";
		};
		B80BDAE62C4E795F00DA8BB6 /* Customs */ = {
			isa = PBXGroup;
			children = (
				1EA44F212C5A691700BDA94C /* CustomTableViewCells */,
				B85F8FAC2C57CF5C0078F164 /* LoadingView */,
				B80BDAF12C4E7D5E00DA8BB6 /* InputView.swift */,
			);
			path = Customs;
			sourceTree = "<group>";
		};
		B80BDAE72C4E798600DA8BB6 /* Extensions */ = {
			isa = PBXGroup;
			children = (
				B86B509C2C512FE60083A038 /* UI */,
				B86B509D2C512FF30083A038 /* String+Extensions.swift */,
				B8A9E6462C590E0A009D4B63 /* Double+Extensions.swift */,
			);
			path = Extensions;
			sourceTree = "<group>";
		};
		B80BDAE82C4E7A6E00DA8BB6 /* Helper */ = {
			isa = PBXGroup;
			children = (
			);
			path = Helper;
			sourceTree = "<group>";
		};
		B80BDAE92C4E7A8200DA8BB6 /* Localization */ = {
			isa = PBXGroup;
			children = (
				B80BDAEF2C4E7BCB00DA8BB6 /* Localization+Extensions.swift */,
				B80BDAEA2C4E7AE400DA8BB6 /* Localizable.strings */,
			);
			path = Localization;
			sourceTree = "<group>";
		};
		B80BDAF32C4E82CC00DA8BB6 /* DI */ = {
			isa = PBXGroup;
			children = (
				B80BDAF42C4E82D600DA8BB6 /* PresentationDI.swift */,
			);
			path = DI;
			sourceTree = "<group>";
		};
		B80BDAF62C4E846600DA8BB6 /* Tabbar */ = {
			isa = PBXGroup;
			children = (
				B80BDAF72C4E84AB00DA8BB6 /* TabbarController.swift */,
			);
			path = Tabbar;
			sourceTree = "<group>";
		};
		B80BDAFE2C4E851500DA8BB6 /* Assets */ = {
			isa = PBXGroup;
			children = (
				B80BDAFF2C4E851E00DA8BB6 /* Media.xcassets */,
				B80BDB012C4E852900DA8BB6 /* Colors.xcassets */,
			);
			path = Assets;
			sourceTree = "<group>";
		};
		B84136312C61E9BE0001E1D9 /* Home */ = {
			isa = PBXGroup;
			children = (
				B84136322C61E9C10001E1D9 /* View */,
			);
			path = Home;
			sourceTree = "<group>";
		};
		B84136322C61E9C10001E1D9 /* View */ = {
			isa = PBXGroup;
			children = (
				B84136332C61E9CB0001E1D9 /* HomeViewController.swift */,
			);
			path = View;
			sourceTree = "<group>";
		};
		B841363D2C62385A0001E1D9 /* Model */ = {
			isa = PBXGroup;
			children = (
				B841363E2C6238690001E1D9 /* PersonalInformationModel.swift */,
			);
			path = Model;
			sourceTree = "<group>";
		};
		B846F7892C5221A1008E8407 /* ViewModel */ = {
			isa = PBXGroup;
			children = (
				B846F78A2C5221AB008E8407 /* RegisterViewModel.swift */,
			);
			path = ViewModel;
			sourceTree = "<group>";
		};
		B85F8FAC2C57CF5C0078F164 /* LoadingView */ = {
			isa = PBXGroup;
			children = (
				B85F8FAA2C57C6650078F164 /* LoadingViewUI.swift */,
				B85F8FAD2C57CF720078F164 /* LoadingView.swift */,
			);
			path = LoadingView;
			sourceTree = "<group>";
		};
		B86B50962C512B930083A038 /* Register */ = {
			isa = PBXGroup;
			children = (
				B86B50972C512B980083A038 /* View */,
				B846F7892C5221A1008E8407 /* ViewModel */,
			);
			path = Register;
			sourceTree = "<group>";
		};
		B86B50972C512B980083A038 /* View */ = {
			isa = PBXGroup;
			children = (
				B86B50982C512BA20083A038 /* RegisterViewController.swift */,
			);
			path = View;
			sourceTree = "<group>";
		};
		B86B509C2C512FE60083A038 /* UI */ = {
			isa = PBXGroup;
			children = (
				B88CFDBC2C4FC2A30079EECF /* UIStackView+Extensions.swift */,
				B88CFDBE2C4FC2BF0079EECF /* UIView+Extensions.swift */,
				B88CFDC02C4FC2CE0079EECF /* UICollectionView+Extensions.swift */,
				B88CFDC22C4FC3220079EECF /* UITableView+Extensions.swift */,
				B88CFDB52C4FC0650079EECF /* UIImageView+Extensions.swift */,
				B88CFDC42C4FC3480079EECF /* UIViewController+Extensions.swift */,
				B88CFDC62C4FC6E60079EECF /* UILabel+Extensions.swift */,
				B88CFDC82C4FD5910079EECF /* UIButton+Extensions.swift */,
				B86B509A2C512E090083A038 /* UITextField+Extensions.swift */,
			);
			path = UI;
			sourceTree = "<group>";
		};
		B86B509F2C5135460083A038 /* OTP */ = {
			isa = PBXGroup;
			children = (
				B86B50A02C51355C0083A038 /* View */,
				B8A9E6402C58C78E009D4B63 /* ViewModel */,
			);
			path = OTP;
			sourceTree = "<group>";
		};
		B86B50A02C51355C0083A038 /* View */ = {
			isa = PBXGroup;
			children = (
				B8A9E6442C59097C009D4B63 /* OtpView.swift */,
				B86B50A12C5135680083A038 /* OtpViewController.swift */,
			);
			path = View;
			sourceTree = "<group>";
		};
		B88CFDB12C4F89DD0079EECF /* ForceUpdate */ = {
			isa = PBXGroup;
			children = (
				B88CFDB22C4F89E30079EECF /* View */,
			);
			path = ForceUpdate;
			sourceTree = "<group>";
		};
		B88CFDB22C4F89E30079EECF /* View */ = {
			isa = PBXGroup;
			children = (
				B88CFDB32C4F89EB0079EECF /* ForceUpdateVC.swift */,
			);
			path = View;
			sourceTree = "<group>";
		};
		B8A9E6402C58C78E009D4B63 /* ViewModel */ = {
			isa = PBXGroup;
			children = (
				B8A9E6412C58C798009D4B63 /* OtpViewModel.swift */,
			);
			path = ViewModel;
			sourceTree = "<group>";
		};
		B8CD2A772C537AF4006E6C91 /* PersonalInformation */ = {
			isa = PBXGroup;
			children = (
				B841363D2C62385A0001E1D9 /* Model */,
				B8CD2A792C537B1C006E6C91 /* View */,
				B8CD2A782C537B18006E6C91 /* ViewModel */,
			);
			path = PersonalInformation;
			sourceTree = "<group>";
		};
		B8CD2A782C537B18006E6C91 /* ViewModel */ = {
			isa = PBXGroup;
			children = (
				B841363B2C6238110001E1D9 /* PersonalInformationViewModel.swift */,
			);
			path = ViewModel;
			sourceTree = "<group>";
		};
		B8CD2A792C537B1C006E6C91 /* View */ = {
			isa = PBXGroup;
			children = (
				B8A6AC122C624ED8009B29FF /* PersonalInformationViewController.swift */,
			);
			path = View;
			sourceTree = "<group>";
		};
/* End PBXGroup section */

/* Begin PBXHeadersBuildPhase section */
		B80BDA042C4E3E5B00DA8BB6 /* Headers */ = {
			isa = PBXHeadersBuildPhase;
			buildActionMask = 2147483647;
			files = (
				B80BDA0D2C4E3E5B00DA8BB6 /* presentation.h in Headers */,
			);
			runOnlyForDeploymentPostprocessing = 0;
		};
/* End PBXHeadersBuildPhase section */

/* Begin PBXNativeTarget section */
		B80BDA082C4E3E5B00DA8BB6 /* presentation */ = {
			isa = PBXNativeTarget;
			buildConfigurationList = B80BDA102C4E3E5B00DA8BB6 /* Build configuration list for PBXNativeTarget "presentation" */;
			buildPhases = (
				B80BDA042C4E3E5B00DA8BB6 /* Headers */,
				B80BDA052C4E3E5B00DA8BB6 /* Sources */,
				B80BDA062C4E3E5B00DA8BB6 /* Frameworks */,
				B80BDA072C4E3E5B00DA8BB6 /* Resources */,
				B80BDA702C4E3EE600DA8BB6 /* Embed Frameworks */,
			);
			buildRules = (
			);
			dependencies = (
			);
			name = presentation;
			productName = presentation;
			productReference = B80BDA092C4E3E5B00DA8BB6 /* presentation.framework */;
			productType = "com.apple.product-type.framework";
		};
/* End PBXNativeTarget section */

/* Begin PBXProject section */
		B80BDA002C4E3E5B00DA8BB6 /* Project object */ = {
			isa = PBXProject;
			attributes = {
				BuildIndependentTargetsInParallel = 1;
				LastUpgradeCheck = 1530;
				TargetAttributes = {
					B80BDA082C4E3E5B00DA8BB6 = {
						CreatedOnToolsVersion = 15.3;
						LastSwiftMigration = 1530;
					};
				};
			};
			buildConfigurationList = B80BDA032C4E3E5B00DA8BB6 /* Build configuration list for PBXProject "presentation" */;
			compatibilityVersion = "Xcode 14.0";
			developmentRegion = en;
			hasScannedForEncodings = 0;
			knownRegions = (
				en,
				Base,
				"az-AZ",
				ru,
			);
			mainGroup = B80BD9FF2C4E3E5B00DA8BB6;
			productRefGroup = B80BDA0A2C4E3E5B00DA8BB6 /* Products */;
			projectDirPath = "";
			projectRoot = "";
			targets = (
				B80BDA082C4E3E5B00DA8BB6 /* presentation */,
			);
		};
/* End PBXProject section */

/* Begin PBXResourcesBuildPhase section */
		B80BDA072C4E3E5B00DA8BB6 /* Resources */ = {
			isa = PBXResourcesBuildPhase;
			buildActionMask = 2147483647;
			files = (
				B80BDB022C4E852900DA8BB6 /* Colors.xcassets in Resources */,
				B80BDB002C4E851E00DA8BB6 /* Media.xcassets in Resources */,
				B80BDAEC2C4E7AE400DA8BB6 /* Localizable.strings in Resources */,
			);
			runOnlyForDeploymentPostprocessing = 0;
		};
/* End PBXResourcesBuildPhase section */

/* Begin PBXSourcesBuildPhase section */
		B80BDA052C4E3E5B00DA8BB6 /* Sources */ = {
			isa = PBXSourcesBuildPhase;
			buildActionMask = 2147483647;
			files = (
				B88CFDB42C4F89EB0079EECF /* ForceUpdateVC.swift in Sources */,
				1E70685B2C5B664500366360 /* DistrictSelectionViewController.swift in Sources */,
				B86B509E2C512FF30083A038 /* String+Extensions.swift in Sources */,
				B88CFDC32C4FC3220079EECF /* UITableView+Extensions.swift in Sources */,
				B88CFDBD2C4FC2A30079EECF /* UIStackView+Extensions.swift in Sources */,
				B8A6AC132C624ED8009B29FF /* PersonalInformationViewController.swift in Sources */,
				B88CFDBA2C4FC1A60079EECF /* BaseViewModel.swift in Sources */,
				B841363C2C6238110001E1D9 /* PersonalInformationViewModel.swift in Sources */,
				B88CFDCB2C4FD7650079EECF /* BaseButton.swift in Sources */,
				1E214FF72C5FF94700CDED85 /* BottomSheetPresentationController.swift in Sources */,
				1E70685D2C5B668500366360 /* DistrictSelectionViewModel.swift in Sources */,
				B8A9E6472C590E0A009D4B63 /* Double+Extensions.swift in Sources */,
				B84136342C61E9CB0001E1D9 /* HomeViewController.swift in Sources */,
				B80BDAF52C4E82D600DA8BB6 /* PresentationDI.swift in Sources */,
				B80BDAF22C4E7D5E00DA8BB6 /* InputView.swift in Sources */,
				B80BDAF02C4E7BCB00DA8BB6 /* Localization+Extensions.swift in Sources */,
				B88CFDC52C4FC3480079EECF /* UIViewController+Extensions.swift in Sources */,
				B85F8FAE2C57CF720078F164 /* LoadingView.swift in Sources */,
				1ECBFA6A2C609E4100C68A50 /* BottomSheetAnimatedTransitioning.swift in Sources */,
				B88CFDBF2C4FC2BF0079EECF /* UIView+Extensions.swift in Sources */,
				B86B50992C512BA20083A038 /* RegisterViewController.swift in Sources */,
				1EA44F232C5A697400BDA94C /* CustomCityAndDistrictTableViewCell.swift in Sources */,
				B8A9E6452C59097C009D4B63 /* OtpView.swift in Sources */,
				B88CFDB82C4FC1030079EECF /* UIBaseViewController.swift in Sources */,
				B80BDAF82C4E84AB00DA8BB6 /* TabbarController.swift in Sources */,
				1E214FF92C5FF9AA00CDED85 /* BottomSheetTransitioningDelegate.swift in Sources */,
				B86B509B2C512E090083A038 /* UITextField+Extensions.swift in Sources */,
				B841363F2C6238690001E1D9 /* PersonalInformationModel.swift in Sources */,
				1E214FFD2C5FFA0B00CDED85 /* BottomSheetViewController.swift in Sources */,
				1EA44F202C5A2FA100BDA94C /* CitySelectionViewModel.swift in Sources */,
				B80BDB042C4E884D00DA8BB6 /* Router.swift in Sources */,
				B86B50A22C5135680083A038 /* OtpViewController.swift in Sources */,
				B85F8FAB2C57C6650078F164 /* LoadingViewUI.swift in Sources */,
				1EA44F1E2C5A22B900BDA94C /* CitySelectionViewController.swift in Sources */,
				B88CFDC72C4FC6E60079EECF /* UILabel+Extensions.swift in Sources */,
				B8A9E6422C58C798009D4B63 /* OtpViewModel.swift in Sources */,
				B88CFDC12C4FC2CE0079EECF /* UICollectionView+Extensions.swift in Sources */,
				B88CFDB62C4FC0650079EECF /* UIImageView+Extensions.swift in Sources */,
				B80BDADF2C4E773000DA8BB6 /* TestVC.swift in Sources */,
				B846F78B2C5221AB008E8407 /* RegisterViewModel.swift in Sources */,
				B88CFDC92C4FD5910079EECF /* UIButton+Extensions.swift in Sources */,
			);
			runOnlyForDeploymentPostprocessing = 0;
		};
/* End PBXSourcesBuildPhase section */

/* Begin PBXVariantGroup section */
		B80BDAEA2C4E7AE400DA8BB6 /* Localizable.strings */ = {
			isa = PBXVariantGroup;
			children = (
				B80BDAEB2C4E7AE400DA8BB6 /* en */,
				B80BDAED2C4E7B8F00DA8BB6 /* az-AZ */,
				B80BDAEE2C4E7BAD00DA8BB6 /* ru */,
			);
			name = Localizable.strings;
			sourceTree = "<group>";
		};
/* End PBXVariantGroup section */

/* Begin XCBuildConfiguration section */
		B80BDA0E2C4E3E5B00DA8BB6 /* Debug */ = {
			isa = XCBuildConfiguration;
			buildSettings = {
				ALWAYS_SEARCH_USER_PATHS = NO;
				ASSETCATALOG_COMPILER_GENERATE_SWIFT_ASSET_SYMBOL_EXTENSIONS = YES;
				CLANG_ANALYZER_NONNULL = YES;
				CLANG_ANALYZER_NUMBER_OBJECT_CONVERSION = YES_AGGRESSIVE;
				CLANG_CXX_LANGUAGE_STANDARD = "gnu++20";
				CLANG_ENABLE_MODULES = YES;
				CLANG_ENABLE_OBJC_ARC = YES;
				CLANG_ENABLE_OBJC_WEAK = YES;
				CLANG_WARN_BLOCK_CAPTURE_AUTORELEASING = YES;
				CLANG_WARN_BOOL_CONVERSION = YES;
				CLANG_WARN_COMMA = YES;
				CLANG_WARN_CONSTANT_CONVERSION = YES;
				CLANG_WARN_DEPRECATED_OBJC_IMPLEMENTATIONS = YES;
				CLANG_WARN_DIRECT_OBJC_ISA_USAGE = YES_ERROR;
				CLANG_WARN_DOCUMENTATION_COMMENTS = YES;
				CLANG_WARN_EMPTY_BODY = YES;
				CLANG_WARN_ENUM_CONVERSION = YES;
				CLANG_WARN_INFINITE_RECURSION = YES;
				CLANG_WARN_INT_CONVERSION = YES;
				CLANG_WARN_NON_LITERAL_NULL_CONVERSION = YES;
				CLANG_WARN_OBJC_IMPLICIT_RETAIN_SELF = YES;
				CLANG_WARN_OBJC_LITERAL_CONVERSION = YES;
				CLANG_WARN_OBJC_ROOT_CLASS = YES_ERROR;
				CLANG_WARN_QUOTED_INCLUDE_IN_FRAMEWORK_HEADER = YES;
				CLANG_WARN_RANGE_LOOP_ANALYSIS = YES;
				CLANG_WARN_STRICT_PROTOTYPES = YES;
				CLANG_WARN_SUSPICIOUS_MOVE = YES;
				CLANG_WARN_UNGUARDED_AVAILABILITY = YES_AGGRESSIVE;
				CLANG_WARN_UNREACHABLE_CODE = YES;
				CLANG_WARN__DUPLICATE_METHOD_MATCH = YES;
				COPY_PHASE_STRIP = NO;
				CURRENT_PROJECT_VERSION = 1;
				DEBUG_INFORMATION_FORMAT = dwarf;
				ENABLE_STRICT_OBJC_MSGSEND = YES;
				ENABLE_TESTABILITY = YES;
				ENABLE_USER_SCRIPT_SANDBOXING = YES;
				GCC_C_LANGUAGE_STANDARD = gnu17;
				GCC_DYNAMIC_NO_PIC = NO;
				GCC_NO_COMMON_BLOCKS = YES;
				GCC_OPTIMIZATION_LEVEL = 0;
				GCC_PREPROCESSOR_DEFINITIONS = (
					"DEBUG=1",
					"$(inherited)",
				);
				GCC_WARN_64_TO_32_BIT_CONVERSION = YES;
				GCC_WARN_ABOUT_RETURN_TYPE = YES_ERROR;
				GCC_WARN_UNDECLARED_SELECTOR = YES;
				GCC_WARN_UNINITIALIZED_AUTOS = YES_AGGRESSIVE;
				GCC_WARN_UNUSED_FUNCTION = YES;
				GCC_WARN_UNUSED_VARIABLE = YES;
				IPHONEOS_DEPLOYMENT_TARGET = 15.0;
				LOCALIZATION_PREFERS_STRING_CATALOGS = YES;
				MTL_ENABLE_DEBUG_INFO = INCLUDE_SOURCE;
				MTL_FAST_MATH = YES;
				ONLY_ACTIVE_ARCH = YES;
				SDKROOT = iphoneos;
				SWIFT_ACTIVE_COMPILATION_CONDITIONS = "DEBUG $(inherited)";
				SWIFT_OPTIMIZATION_LEVEL = "-Onone";
				VERSIONING_SYSTEM = "apple-generic";
				VERSION_INFO_PREFIX = "";
			};
			name = Debug;
		};
		B80BDA0F2C4E3E5B00DA8BB6 /* Release */ = {
			isa = XCBuildConfiguration;
			buildSettings = {
				ALWAYS_SEARCH_USER_PATHS = NO;
				ASSETCATALOG_COMPILER_GENERATE_SWIFT_ASSET_SYMBOL_EXTENSIONS = YES;
				CLANG_ANALYZER_NONNULL = YES;
				CLANG_ANALYZER_NUMBER_OBJECT_CONVERSION = YES_AGGRESSIVE;
				CLANG_CXX_LANGUAGE_STANDARD = "gnu++20";
				CLANG_ENABLE_MODULES = YES;
				CLANG_ENABLE_OBJC_ARC = YES;
				CLANG_ENABLE_OBJC_WEAK = YES;
				CLANG_WARN_BLOCK_CAPTURE_AUTORELEASING = YES;
				CLANG_WARN_BOOL_CONVERSION = YES;
				CLANG_WARN_COMMA = YES;
				CLANG_WARN_CONSTANT_CONVERSION = YES;
				CLANG_WARN_DEPRECATED_OBJC_IMPLEMENTATIONS = YES;
				CLANG_WARN_DIRECT_OBJC_ISA_USAGE = YES_ERROR;
				CLANG_WARN_DOCUMENTATION_COMMENTS = YES;
				CLANG_WARN_EMPTY_BODY = YES;
				CLANG_WARN_ENUM_CONVERSION = YES;
				CLANG_WARN_INFINITE_RECURSION = YES;
				CLANG_WARN_INT_CONVERSION = YES;
				CLANG_WARN_NON_LITERAL_NULL_CONVERSION = YES;
				CLANG_WARN_OBJC_IMPLICIT_RETAIN_SELF = YES;
				CLANG_WARN_OBJC_LITERAL_CONVERSION = YES;
				CLANG_WARN_OBJC_ROOT_CLASS = YES_ERROR;
				CLANG_WARN_QUOTED_INCLUDE_IN_FRAMEWORK_HEADER = YES;
				CLANG_WARN_RANGE_LOOP_ANALYSIS = YES;
				CLANG_WARN_STRICT_PROTOTYPES = YES;
				CLANG_WARN_SUSPICIOUS_MOVE = YES;
				CLANG_WARN_UNGUARDED_AVAILABILITY = YES_AGGRESSIVE;
				CLANG_WARN_UNREACHABLE_CODE = YES;
				CLANG_WARN__DUPLICATE_METHOD_MATCH = YES;
				COPY_PHASE_STRIP = NO;
				CURRENT_PROJECT_VERSION = 1;
				DEBUG_INFORMATION_FORMAT = "dwarf-with-dsym";
				ENABLE_NS_ASSERTIONS = NO;
				ENABLE_STRICT_OBJC_MSGSEND = YES;
				ENABLE_USER_SCRIPT_SANDBOXING = YES;
				GCC_C_LANGUAGE_STANDARD = gnu17;
				GCC_NO_COMMON_BLOCKS = YES;
				GCC_WARN_64_TO_32_BIT_CONVERSION = YES;
				GCC_WARN_ABOUT_RETURN_TYPE = YES_ERROR;
				GCC_WARN_UNDECLARED_SELECTOR = YES;
				GCC_WARN_UNINITIALIZED_AUTOS = YES_AGGRESSIVE;
				GCC_WARN_UNUSED_FUNCTION = YES;
				GCC_WARN_UNUSED_VARIABLE = YES;
				IPHONEOS_DEPLOYMENT_TARGET = 15.0;
				LOCALIZATION_PREFERS_STRING_CATALOGS = YES;
				MTL_ENABLE_DEBUG_INFO = NO;
				MTL_FAST_MATH = YES;
				SDKROOT = iphoneos;
				SWIFT_COMPILATION_MODE = wholemodule;
				VALIDATE_PRODUCT = YES;
				VERSIONING_SYSTEM = "apple-generic";
				VERSION_INFO_PREFIX = "";
			};
			name = Release;
		};
		B80BDA112C4E3E5B00DA8BB6 /* Debug */ = {
			isa = XCBuildConfiguration;
			buildSettings = {
				BUILD_LIBRARY_FOR_DISTRIBUTION = YES;
				CLANG_ENABLE_MODULES = YES;
				CODE_SIGN_STYLE = Automatic;
				CURRENT_PROJECT_VERSION = 1;
				DEFINES_MODULE = YES;
				DEVELOPMENT_TEAM = KM75KTHJYL;
				DYLIB_COMPATIBILITY_VERSION = 1;
				DYLIB_CURRENT_VERSION = 1;
				DYLIB_INSTALL_NAME_BASE = "@rpath";
				ENABLE_MODULE_VERIFIER = YES;
				GENERATE_INFOPLIST_FILE = YES;
				INFOPLIST_KEY_NSHumanReadableCopyright = "";
				INSTALL_PATH = "$(LOCAL_LIBRARY_DIR)/Frameworks";
				IPHONEOS_DEPLOYMENT_TARGET = 15.0;
				LD_RUNPATH_SEARCH_PATHS = (
					"$(inherited)",
					"@executable_path/Frameworks",
					"@loader_path/Frameworks",
				);
				MARKETING_VERSION = 1.0;
				MODULE_VERIFIER_SUPPORTED_LANGUAGES = "objective-c objective-c++";
				MODULE_VERIFIER_SUPPORTED_LANGUAGE_STANDARDS = "gnu17 gnu++20";
				PRODUCT_BUNDLE_IDENTIFIER = com.nihatismayilov.presentation;
				PRODUCT_NAME = "$(TARGET_NAME:c99extidentifier)";
				SKIP_INSTALL = YES;
				SUPPORTED_PLATFORMS = "iphoneos iphonesimulator";
				SUPPORTS_MACCATALYST = NO;
				SUPPORTS_XR_DESIGNED_FOR_IPHONE_IPAD = NO;
				SWIFT_EMIT_LOC_STRINGS = YES;
				SWIFT_INSTALL_OBJC_HEADER = NO;
				SWIFT_OPTIMIZATION_LEVEL = "-Onone";
				SWIFT_VERSION = 5.0;
				TARGETED_DEVICE_FAMILY = 1;
			};
			name = Debug;
		};
		B80BDA122C4E3E5B00DA8BB6 /* Release */ = {
			isa = XCBuildConfiguration;
			buildSettings = {
				BUILD_LIBRARY_FOR_DISTRIBUTION = YES;
				CLANG_ENABLE_MODULES = YES;
				CODE_SIGN_STYLE = Automatic;
				CURRENT_PROJECT_VERSION = 1;
				DEFINES_MODULE = YES;
				DEVELOPMENT_TEAM = KM75KTHJYL;
				DYLIB_COMPATIBILITY_VERSION = 1;
				DYLIB_CURRENT_VERSION = 1;
				DYLIB_INSTALL_NAME_BASE = "@rpath";
				ENABLE_MODULE_VERIFIER = YES;
				GENERATE_INFOPLIST_FILE = YES;
				INFOPLIST_KEY_NSHumanReadableCopyright = "";
				INSTALL_PATH = "$(LOCAL_LIBRARY_DIR)/Frameworks";
				IPHONEOS_DEPLOYMENT_TARGET = 15.0;
				LD_RUNPATH_SEARCH_PATHS = (
					"$(inherited)",
					"@executable_path/Frameworks",
					"@loader_path/Frameworks",
				);
				MARKETING_VERSION = 1.0;
				MODULE_VERIFIER_SUPPORTED_LANGUAGES = "objective-c objective-c++";
				MODULE_VERIFIER_SUPPORTED_LANGUAGE_STANDARDS = "gnu17 gnu++20";
				PRODUCT_BUNDLE_IDENTIFIER = com.nihatismayilov.presentation;
				PRODUCT_NAME = "$(TARGET_NAME:c99extidentifier)";
				SKIP_INSTALL = YES;
				SUPPORTED_PLATFORMS = "iphoneos iphonesimulator";
				SUPPORTS_MACCATALYST = NO;
				SUPPORTS_XR_DESIGNED_FOR_IPHONE_IPAD = NO;
				SWIFT_EMIT_LOC_STRINGS = YES;
				SWIFT_INSTALL_OBJC_HEADER = NO;
				SWIFT_VERSION = 5.0;
				TARGETED_DEVICE_FAMILY = 1;
			};
			name = Release;
		};
/* End XCBuildConfiguration section */

/* Begin XCConfigurationList section */
		B80BDA032C4E3E5B00DA8BB6 /* Build configuration list for PBXProject "presentation" */ = {
			isa = XCConfigurationList;
			buildConfigurations = (
				B80BDA0E2C4E3E5B00DA8BB6 /* Debug */,
				B80BDA0F2C4E3E5B00DA8BB6 /* Release */,
			);
			defaultConfigurationIsVisible = 0;
			defaultConfigurationName = Release;
		};
		B80BDA102C4E3E5B00DA8BB6 /* Build configuration list for PBXNativeTarget "presentation" */ = {
			isa = XCConfigurationList;
			buildConfigurations = (
				B80BDA112C4E3E5B00DA8BB6 /* Debug */,
				B80BDA122C4E3E5B00DA8BB6 /* Release */,
			);
			defaultConfigurationIsVisible = 0;
			defaultConfigurationName = Release;
		};
/* End XCConfigurationList section */
	};
	rootObject = B80BDA002C4E3E5B00DA8BB6 /* Project object */;
}
