// !$*UTF8*$!
{
	archiveVersion = 1;
	classes = {
	};
	objectVersion = 56;
	objects = {

/* Begin PBXBuildFile section */
		B80BDA272C4E3E6C00DA8BB6 /* domain.h in Headers */ = {isa = PBXBuildFile; fileRef = B80BDA262C4E3E6C00DA8BB6 /* domain.h */; settings = {ATTRIBUTES = (Public, ); }; };
		B80BDA892C4E406A00DA8BB6 /* DomainDI.swift in Sources */ = {isa = PBXBuildFile; fileRef = B80BDA882C4E406A00DA8BB6 /* DomainDI.swift */; };
		B80BDA8C2C4E40E700DA8BB6 /* BaseAsyncThrowsUseCase.swift in Sources */ = {isa = PBXBuildFile; fileRef = B80BDA8B2C4E40E700DA8BB6 /* BaseAsyncThrowsUseCase.swift */; };
		B80BDA8E2C4E40F100DA8BB6 /* BaseObservableUseCase.swift in Sources */ = {isa = PBXBuildFile; fileRef = B80BDA8D2C4E40F100DA8BB6 /* BaseObservableUseCase.swift */; };
		B80BDA912C4E411700DA8BB6 /* UnauthorizedError.swift in Sources */ = {isa = PBXBuildFile; fileRef = B80BDA902C4E411700DA8BB6 /* UnauthorizedError.swift */; };
		B80BDA932C4E411F00DA8BB6 /* UIError.swift in Sources */ = {isa = PBXBuildFile; fileRef = B80BDA922C4E411F00DA8BB6 /* UIError.swift */; };
		B80BDA9F2C4E41E200DA8BB6 /* Test.swift in Sources */ = {isa = PBXBuildFile; fileRef = B80BDA9E2C4E41E200DA8BB6 /* Test.swift */; };
		B846F7AC2C526808008E8407 /* RegisterRepoProtocol.swift in Sources */ = {isa = PBXBuildFile; fileRef = B846F7AB2C526808008E8407 /* RegisterRepoProtocol.swift */; };
		B846F7AE2C5269B3008E8407 /* RegisterUseCase.swift in Sources */ = {isa = PBXBuildFile; fileRef = B846F7AD2C5269B3008E8407 /* RegisterUseCase.swift */; };
		B851CEE92C5A37A7007AD613 /* Token.swift in Sources */ = {isa = PBXBuildFile; fileRef = B851CEE82C5A37A7007AD613 /* Token.swift */; };
		B851CEF72C5A4B94007AD613 /* CustomerRepoProtocol.swift in Sources */ = {isa = PBXBuildFile; fileRef = B851CEF62C5A4B94007AD613 /* CustomerRepoProtocol.swift */; };
		B851CEF92C5A4C20007AD613 /* CustomerUseCase.swift in Sources */ = {isa = PBXBuildFile; fileRef = B851CEF82C5A4C20007AD613 /* CustomerUseCase.swift */; };
		B851F2812C60B95500A27339 /* Profile.swift in Sources */ = {isa = PBXBuildFile; fileRef = B851F2802C60B95500A27339 /* Profile.swift */; };
		B851F28F2C61055100A27339 /* LocationRepoProtocol.swift in Sources */ = {isa = PBXBuildFile; fileRef = B851F28E2C61055100A27339 /* LocationRepoProtocol.swift */; };
		B851F2912C61057800A27339 /* City.swift in Sources */ = {isa = PBXBuildFile; fileRef = B851F2902C61057800A27339 /* City.swift */; };
		B851F2962C6109FD00A27339 /* LocationUseCase.swift in Sources */ = {isa = PBXBuildFile; fileRef = B851F2952C6109FD00A27339 /* LocationUseCase.swift */; };
		B85211652C65F011009DFBBE /* StoryRepoProtocol.swift in Sources */ = {isa = PBXBuildFile; fileRef = B85211642C65F011009DFBBE /* StoryRepoProtocol.swift */; };
		B85211672C65F037009DFBBE /* Story.swift in Sources */ = {isa = PBXBuildFile; fileRef = B85211662C65F037009DFBBE /* Story.swift */; };
		B852116E2C65F340009DFBBE /* StoryUseCase.swift in Sources */ = {isa = PBXBuildFile; fileRef = B852116D2C65F340009DFBBE /* StoryUseCase.swift */; };
/* End PBXBuildFile section */

/* Begin PBXFileReference section */
		B80BDA232C4E3E6C00DA8BB6 /* domain.framework */ = {isa = PBXFileReference; explicitFileType = wrapper.framework; includeInIndex = 0; path = domain.framework; sourceTree = BUILT_PRODUCTS_DIR; };
		B80BDA262C4E3E6C00DA8BB6 /* domain.h */ = {isa = PBXFileReference; lastKnownFileType = sourcecode.c.h; path = domain.h; sourceTree = "<group>"; };
		B80BDA882C4E406A00DA8BB6 /* DomainDI.swift */ = {isa = PBXFileReference; lastKnownFileType = sourcecode.swift; path = DomainDI.swift; sourceTree = "<group>"; };
		B80BDA8B2C4E40E700DA8BB6 /* BaseAsyncThrowsUseCase.swift */ = {isa = PBXFileReference; lastKnownFileType = sourcecode.swift; path = BaseAsyncThrowsUseCase.swift; sourceTree = "<group>"; };
		B80BDA8D2C4E40F100DA8BB6 /* BaseObservableUseCase.swift */ = {isa = PBXFileReference; lastKnownFileType = sourcecode.swift; path = BaseObservableUseCase.swift; sourceTree = "<group>"; };
		B80BDA902C4E411700DA8BB6 /* UnauthorizedError.swift */ = {isa = PBXFileReference; lastKnownFileType = sourcecode.swift; path = UnauthorizedError.swift; sourceTree = "<group>"; };
		B80BDA922C4E411F00DA8BB6 /* UIError.swift */ = {isa = PBXFileReference; lastKnownFileType = sourcecode.swift; path = UIError.swift; sourceTree = "<group>"; };
		B80BDA9E2C4E41E200DA8BB6 /* Test.swift */ = {isa = PBXFileReference; lastKnownFileType = sourcecode.swift; path = Test.swift; sourceTree = "<group>"; };
		B846F7AB2C526808008E8407 /* RegisterRepoProtocol.swift */ = {isa = PBXFileReference; lastKnownFileType = sourcecode.swift; path = RegisterRepoProtocol.swift; sourceTree = "<group>"; };
		B846F7AD2C5269B3008E8407 /* RegisterUseCase.swift */ = {isa = PBXFileReference; lastKnownFileType = sourcecode.swift; path = RegisterUseCase.swift; sourceTree = "<group>"; };
		B851CEE82C5A37A7007AD613 /* Token.swift */ = {isa = PBXFileReference; lastKnownFileType = sourcecode.swift; path = Token.swift; sourceTree = "<group>"; };
		B851CEF62C5A4B94007AD613 /* CustomerRepoProtocol.swift */ = {isa = PBXFileReference; lastKnownFileType = sourcecode.swift; path = CustomerRepoProtocol.swift; sourceTree = "<group>"; };
		B851CEF82C5A4C20007AD613 /* CustomerUseCase.swift */ = {isa = PBXFileReference; lastKnownFileType = sourcecode.swift; path = CustomerUseCase.swift; sourceTree = "<group>"; };
		B851F2802C60B95500A27339 /* Profile.swift */ = {isa = PBXFileReference; lastKnownFileType = sourcecode.swift; path = Profile.swift; sourceTree = "<group>"; };
		B851F28E2C61055100A27339 /* LocationRepoProtocol.swift */ = {isa = PBXFileReference; lastKnownFileType = sourcecode.swift; path = LocationRepoProtocol.swift; sourceTree = "<group>"; };
		B851F2902C61057800A27339 /* City.swift */ = {isa = PBXFileReference; lastKnownFileType = sourcecode.swift; path = City.swift; sourceTree = "<group>"; };
		B851F2952C6109FD00A27339 /* LocationUseCase.swift */ = {isa = PBXFileReference; lastKnownFileType = sourcecode.swift; path = LocationUseCase.swift; sourceTree = "<group>"; };
		B85211642C65F011009DFBBE /* StoryRepoProtocol.swift */ = {isa = PBXFileReference; lastKnownFileType = sourcecode.swift; path = StoryRepoProtocol.swift; sourceTree = "<group>"; };
		B85211662C65F037009DFBBE /* Story.swift */ = {isa = PBXFileReference; lastKnownFileType = sourcecode.swift; path = Story.swift; sourceTree = "<group>"; };
		B852116D2C65F340009DFBBE /* StoryUseCase.swift */ = {isa = PBXFileReference; lastKnownFileType = sourcecode.swift; path = StoryUseCase.swift; sourceTree = "<group>"; };
/* End PBXFileReference section */

/* Begin PBXFrameworksBuildPhase section */
		B80BDA202C4E3E6C00DA8BB6 /* Frameworks */ = {
			isa = PBXFrameworksBuildPhase;
			buildActionMask = 2147483647;
			files = (
			);
			runOnlyForDeploymentPostprocessing = 0;
		};
/* End PBXFrameworksBuildPhase section */

/* Begin PBXGroup section */
		B80BDA192C4E3E6C00DA8BB6 = {
			isa = PBXGroup;
			children = (
				B80BDA252C4E3E6C00DA8BB6 /* domain */,
				B80BDA242C4E3E6C00DA8BB6 /* Products */,
			);
			sourceTree = "<group>";
		};
		B80BDA242C4E3E6C00DA8BB6 /* Products */ = {
			isa = PBXGroup;
			children = (
				B80BDA232C4E3E6C00DA8BB6 /* domain.framework */,
			);
			name = Products;
			sourceTree = "<group>";
		};
		B80BDA252C4E3E6C00DA8BB6 /* domain */ = {
			isa = PBXGroup;
			children = (
				B80BDA8A2C4E40D900DA8BB6 /* Base */,
				B80BDA8F2C4E410300DA8BB6 /* Exceptions */,
				B80BDA872C4E405200DA8BB6 /* DI */,
				B80BDA942C4E414B00DA8BB6 /* Repository */,
				B80BDA972C4E417B00DA8BB6 /* UseCase */,
				B80BDA9C2C4E41D100DA8BB6 /* Entity */,
				B80BDA262C4E3E6C00DA8BB6 /* domain.h */,
			);
			path = domain;
			sourceTree = "<group>";
		};
		B80BDA872C4E405200DA8BB6 /* DI */ = {
			isa = PBXGroup;
			children = (
				B80BDA882C4E406A00DA8BB6 /* DomainDI.swift */,
			);
			path = DI;
			sourceTree = "<group>";
		};
		B80BDA8A2C4E40D900DA8BB6 /* Base */ = {
			isa = PBXGroup;
			children = (
				B80BDA8B2C4E40E700DA8BB6 /* BaseAsyncThrowsUseCase.swift */,
				B80BDA8D2C4E40F100DA8BB6 /* BaseObservableUseCase.swift */,
			);
			path = Base;
			sourceTree = "<group>";
		};
		B80BDA8F2C4E410300DA8BB6 /* Exceptions */ = {
			isa = PBXGroup;
			children = (
				B80BDA902C4E411700DA8BB6 /* UnauthorizedError.swift */,
				B80BDA922C4E411F00DA8BB6 /* UIError.swift */,
			);
			path = Exceptions;
			sourceTree = "<group>";
		};
		B80BDA942C4E414B00DA8BB6 /* Repository */ = {
			isa = PBXGroup;
			children = (
				B846F7AB2C526808008E8407 /* RegisterRepoProtocol.swift */,
				B851CEF62C5A4B94007AD613 /* CustomerRepoProtocol.swift */,
				B851F28E2C61055100A27339 /* LocationRepoProtocol.swift */,
				B85211642C65F011009DFBBE /* StoryRepoProtocol.swift */,
			);
			path = Repository;
			sourceTree = "<group>";
		};
		B80BDA972C4E417B00DA8BB6 /* UseCase */ = {
			isa = PBXGroup;
			children = (
				B846F7AD2C5269B3008E8407 /* RegisterUseCase.swift */,
				B851CEF82C5A4C20007AD613 /* CustomerUseCase.swift */,
				B851F2952C6109FD00A27339 /* LocationUseCase.swift */,
				B852116D2C65F340009DFBBE /* StoryUseCase.swift */,
			);
			path = UseCase;
			sourceTree = "<group>";
		};
		B80BDA9C2C4E41D100DA8BB6 /* Entity */ = {
			isa = PBXGroup;
			children = (
				B80BDA9E2C4E41E200DA8BB6 /* Test.swift */,
				B851CEE82C5A37A7007AD613 /* Token.swift */,
				B851F2802C60B95500A27339 /* Profile.swift */,
				B851F2902C61057800A27339 /* City.swift */,
				B85211662C65F037009DFBBE /* Story.swift */,
			);
			path = Entity;
			sourceTree = "<group>";
		};
/* End PBXGroup section */

/* Begin PBXHeadersBuildPhase section */
		B80BDA1E2C4E3E6C00DA8BB6 /* Headers */ = {
			isa = PBXHeadersBuildPhase;
			buildActionMask = 2147483647;
			files = (
				B80BDA272C4E3E6C00DA8BB6 /* domain.h in Headers */,
			);
			runOnlyForDeploymentPostprocessing = 0;
		};
/* End PBXHeadersBuildPhase section */

/* Begin PBXNativeTarget section */
		B80BDA222C4E3E6C00DA8BB6 /* domain */ = {
			isa = PBXNativeTarget;
			buildConfigurationList = B80BDA2A2C4E3E6C00DA8BB6 /* Build configuration list for PBXNativeTarget "domain" */;
			buildPhases = (
				B80BDA1E2C4E3E6C00DA8BB6 /* Headers */,
				B80BDA1F2C4E3E6C00DA8BB6 /* Sources */,
				B80BDA202C4E3E6C00DA8BB6 /* Frameworks */,
				B80BDA212C4E3E6C00DA8BB6 /* Resources */,
			);
			buildRules = (
			);
			dependencies = (
			);
			name = domain;
			productName = domain;
			productReference = B80BDA232C4E3E6C00DA8BB6 /* domain.framework */;
			productType = "com.apple.product-type.framework";
		};
/* End PBXNativeTarget section */

/* Begin PBXProject section */
		B80BDA1A2C4E3E6C00DA8BB6 /* Project object */ = {
			isa = PBXProject;
			attributes = {
				BuildIndependentTargetsInParallel = 1;
				LastUpgradeCheck = 1540;
				TargetAttributes = {
					B80BDA222C4E3E6C00DA8BB6 = {
						CreatedOnToolsVersion = 15.3;
						LastSwiftMigration = 1530;
					};
				};
			};
			buildConfigurationList = B80BDA1D2C4E3E6C00DA8BB6 /* Build configuration list for PBXProject "domain" */;
			compatibilityVersion = "Xcode 14.0";
			developmentRegion = en;
			hasScannedForEncodings = 0;
			knownRegions = (
				en,
				Base,
			);
			mainGroup = B80BDA192C4E3E6C00DA8BB6;
			productRefGroup = B80BDA242C4E3E6C00DA8BB6 /* Products */;
			projectDirPath = "";
			projectRoot = "";
			targets = (
				B80BDA222C4E3E6C00DA8BB6 /* domain */,
			);
		};
/* End PBXProject section */

/* Begin PBXResourcesBuildPhase section */
		B80BDA212C4E3E6C00DA8BB6 /* Resources */ = {
			isa = PBXResourcesBuildPhase;
			buildActionMask = 2147483647;
			files = (
			);
			runOnlyForDeploymentPostprocessing = 0;
		};
/* End PBXResourcesBuildPhase section */

/* Begin PBXSourcesBuildPhase section */
		B80BDA1F2C4E3E6C00DA8BB6 /* Sources */ = {
			isa = PBXSourcesBuildPhase;
			buildActionMask = 2147483647;
			files = (
				B851CEE92C5A37A7007AD613 /* Token.swift in Sources */,
				B851F2812C60B95500A27339 /* Profile.swift in Sources */,
				B80BDA8E2C4E40F100DA8BB6 /* BaseObservableUseCase.swift in Sources */,
				B85211672C65F037009DFBBE /* Story.swift in Sources */,
				B846F7AC2C526808008E8407 /* RegisterRepoProtocol.swift in Sources */,
				B852116E2C65F340009DFBBE /* StoryUseCase.swift in Sources */,
				B80BDA9F2C4E41E200DA8BB6 /* Test.swift in Sources */,
				B851CEF72C5A4B94007AD613 /* CustomerRepoProtocol.swift in Sources */,
				B851F2912C61057800A27339 /* City.swift in Sources */,
				B851CEF92C5A4C20007AD613 /* CustomerUseCase.swift in Sources */,
				B80BDA8C2C4E40E700DA8BB6 /* BaseAsyncThrowsUseCase.swift in Sources */,
				B80BDA932C4E411F00DA8BB6 /* UIError.swift in Sources */,
				B851F2962C6109FD00A27339 /* LocationUseCase.swift in Sources */,
				B85211652C65F011009DFBBE /* StoryRepoProtocol.swift in Sources */,
				B846F7AE2C5269B3008E8407 /* RegisterUseCase.swift in Sources */,
				B851F28F2C61055100A27339 /* LocationRepoProtocol.swift in Sources */,
				B80BDA912C4E411700DA8BB6 /* UnauthorizedError.swift in Sources */,
				B80BDA892C4E406A00DA8BB6 /* DomainDI.swift in Sources */,
			);
			runOnlyForDeploymentPostprocessing = 0;
		};
/* End PBXSourcesBuildPhase section */

/* Begin XCBuildConfiguration section */
		B80BDA282C4E3E6C00DA8BB6 /* Debug */ = {
			isa = XCBuildConfiguration;
			buildSettings = {
				ALWAYS_SEARCH_USER_PATHS = NO;
				ASSETCATALOG_COMPILER_GENERATE_SWIFT_ASSET_SYMBOL_EXTENSIONS = YES;
				CLANG_ANALYZER_NONNULL = YES;
				CLANG_ANALYZER_NUMBER_OBJECT_CONVERSION = YES_AGGRESSIVE;
				CLANG_CXX_LANGUAGE_STANDARD = "gnu++20";
				CLANG_ENABLE_MODULES = YES;
				CLANG_ENABLE_OBJC_ARC = YES;
				CLANG_ENABLE_OBJC_WEAK = YES;
				CLANG_WARN_BLOCK_CAPTURE_AUTORELEASING = YES;
				CLANG_WARN_BOOL_CONVERSION = YES;
				CLANG_WARN_COMMA = YES;
				CLANG_WARN_CONSTANT_CONVERSION = YES;
				CLANG_WARN_DEPRECATED_OBJC_IMPLEMENTATIONS = YES;
				CLANG_WARN_DIRECT_OBJC_ISA_USAGE = YES_ERROR;
				CLANG_WARN_DOCUMENTATION_COMMENTS = YES;
				CLANG_WARN_EMPTY_BODY = YES;
				CLANG_WARN_ENUM_CONVERSION = YES;
				CLANG_WARN_INFINITE_RECURSION = YES;
				CLANG_WARN_INT_CONVERSION = YES;
				CLANG_WARN_NON_LITERAL_NULL_CONVERSION = YES;
				CLANG_WARN_OBJC_IMPLICIT_RETAIN_SELF = YES;
				CLANG_WARN_OBJC_LITERAL_CONVERSION = YES;
				CLANG_WARN_OBJC_ROOT_CLASS = YES_ERROR;
				CLANG_WARN_QUOTED_INCLUDE_IN_FRAMEWORK_HEADER = YES;
				CLANG_WARN_RANGE_LOOP_ANALYSIS = YES;
				CLANG_WARN_STRICT_PROTOTYPES = YES;
				CLANG_WARN_SUSPICIOUS_MOVE = YES;
				CLANG_WARN_UNGUARDED_AVAILABILITY = YES_AGGRESSIVE;
				CLANG_WARN_UNREACHABLE_CODE = YES;
				CLANG_WARN__DUPLICATE_METHOD_MATCH = YES;
				COPY_PHASE_STRIP = NO;
				CURRENT_PROJECT_VERSION = 1;
				DEBUG_INFORMATION_FORMAT = dwarf;
				ENABLE_STRICT_OBJC_MSGSEND = YES;
				ENABLE_TESTABILITY = YES;
				ENABLE_USER_SCRIPT_SANDBOXING = YES;
				GCC_C_LANGUAGE_STANDARD = gnu17;
				GCC_DYNAMIC_NO_PIC = NO;
				GCC_NO_COMMON_BLOCKS = YES;
				GCC_OPTIMIZATION_LEVEL = 0;
				GCC_PREPROCESSOR_DEFINITIONS = (
					"DEBUG=1",
					"$(inherited)",
				);
				GCC_WARN_64_TO_32_BIT_CONVERSION = YES;
				GCC_WARN_ABOUT_RETURN_TYPE = YES_ERROR;
				GCC_WARN_UNDECLARED_SELECTOR = YES;
				GCC_WARN_UNINITIALIZED_AUTOS = YES_AGGRESSIVE;
				GCC_WARN_UNUSED_FUNCTION = YES;
				GCC_WARN_UNUSED_VARIABLE = YES;
				IPHONEOS_DEPLOYMENT_TARGET = 15.0;
				LOCALIZATION_PREFERS_STRING_CATALOGS = YES;
				MTL_ENABLE_DEBUG_INFO = INCLUDE_SOURCE;
				MTL_FAST_MATH = YES;
				ONLY_ACTIVE_ARCH = YES;
				SDKROOT = iphoneos;
				SWIFT_ACTIVE_COMPILATION_CONDITIONS = "DEBUG $(inherited)";
				SWIFT_OPTIMIZATION_LEVEL = "-Onone";
				VERSIONING_SYSTEM = "apple-generic";
				VERSION_INFO_PREFIX = "";
			};
			name = Debug;
		};
		B80BDA292C4E3E6C00DA8BB6 /* Release */ = {
			isa = XCBuildConfiguration;
			buildSettings = {
				ALWAYS_SEARCH_USER_PATHS = NO;
				ASSETCATALOG_COMPILER_GENERATE_SWIFT_ASSET_SYMBOL_EXTENSIONS = YES;
				CLANG_ANALYZER_NONNULL = YES;
				CLANG_ANALYZER_NUMBER_OBJECT_CONVERSION = YES_AGGRESSIVE;
				CLANG_CXX_LANGUAGE_STANDARD = "gnu++20";
				CLANG_ENABLE_MODULES = YES;
				CLANG_ENABLE_OBJC_ARC = YES;
				CLANG_ENABLE_OBJC_WEAK = YES;
				CLANG_WARN_BLOCK_CAPTURE_AUTORELEASING = YES;
				CLANG_WARN_BOOL_CONVERSION = YES;
				CLANG_WARN_COMMA = YES;
				CLANG_WARN_CONSTANT_CONVERSION = YES;
				CLANG_WARN_DEPRECATED_OBJC_IMPLEMENTATIONS = YES;
				CLANG_WARN_DIRECT_OBJC_ISA_USAGE = YES_ERROR;
				CLANG_WARN_DOCUMENTATION_COMMENTS = YES;
				CLANG_WARN_EMPTY_BODY = YES;
				CLANG_WARN_ENUM_CONVERSION = YES;
				CLANG_WARN_INFINITE_RECURSION = YES;
				CLANG_WARN_INT_CONVERSION = YES;
				CLANG_WARN_NON_LITERAL_NULL_CONVERSION = YES;
				CLANG_WARN_OBJC_IMPLICIT_RETAIN_SELF = YES;
				CLANG_WARN_OBJC_LITERAL_CONVERSION = YES;
				CLANG_WARN_OBJC_ROOT_CLASS = YES_ERROR;
				CLANG_WARN_QUOTED_INCLUDE_IN_FRAMEWORK_HEADER = YES;
				CLANG_WARN_RANGE_LOOP_ANALYSIS = YES;
				CLANG_WARN_STRICT_PROTOTYPES = YES;
				CLANG_WARN_SUSPICIOUS_MOVE = YES;
				CLANG_WARN_UNGUARDED_AVAILABILITY = YES_AGGRESSIVE;
				CLANG_WARN_UNREACHABLE_CODE = YES;
				CLANG_WARN__DUPLICATE_METHOD_MATCH = YES;
				COPY_PHASE_STRIP = NO;
				CURRENT_PROJECT_VERSION = 1;
				DEBUG_INFORMATION_FORMAT = "dwarf-with-dsym";
				ENABLE_NS_ASSERTIONS = NO;
				ENABLE_STRICT_OBJC_MSGSEND = YES;
				ENABLE_USER_SCRIPT_SANDBOXING = YES;
				GCC_C_LANGUAGE_STANDARD = gnu17;
				GCC_NO_COMMON_BLOCKS = YES;
				GCC_WARN_64_TO_32_BIT_CONVERSION = YES;
				GCC_WARN_ABOUT_RETURN_TYPE = YES_ERROR;
				GCC_WARN_UNDECLARED_SELECTOR = YES;
				GCC_WARN_UNINITIALIZED_AUTOS = YES_AGGRESSIVE;
				GCC_WARN_UNUSED_FUNCTION = YES;
				GCC_WARN_UNUSED_VARIABLE = YES;
				IPHONEOS_DEPLOYMENT_TARGET = 15.0;
				LOCALIZATION_PREFERS_STRING_CATALOGS = YES;
				MTL_ENABLE_DEBUG_INFO = NO;
				MTL_FAST_MATH = YES;
				SDKROOT = iphoneos;
				SWIFT_COMPILATION_MODE = wholemodule;
				VALIDATE_PRODUCT = YES;
				VERSIONING_SYSTEM = "apple-generic";
				VERSION_INFO_PREFIX = "";
			};
			name = Release;
		};
		B80BDA2B2C4E3E6C00DA8BB6 /* Debug */ = {
			isa = XCBuildConfiguration;
			buildSettings = {
				BUILD_LIBRARY_FOR_DISTRIBUTION = YES;
				CLANG_ENABLE_MODULES = YES;
				CODE_SIGN_STYLE = Automatic;
				CURRENT_PROJECT_VERSION = 1;
				DEFINES_MODULE = YES;
				DEVELOPMENT_TEAM = "";
				DYLIB_COMPATIBILITY_VERSION = 1;
				DYLIB_CURRENT_VERSION = 1;
				DYLIB_INSTALL_NAME_BASE = "@rpath";
				ENABLE_MODULE_VERIFIER = YES;
				GENERATE_INFOPLIST_FILE = YES;
				INFOPLIST_KEY_NSHumanReadableCopyright = "";
				INSTALL_PATH = "$(LOCAL_LIBRARY_DIR)/Frameworks";
				IPHONEOS_DEPLOYMENT_TARGET = 15.0;
				LD_RUNPATH_SEARCH_PATHS = (
					"$(inherited)",
					"@executable_path/Frameworks",
					"@loader_path/Frameworks",
				);
				MARKETING_VERSION = 1.0;
				MODULE_VERIFIER_SUPPORTED_LANGUAGES = "objective-c objective-c++";
				MODULE_VERIFIER_SUPPORTED_LANGUAGE_STANDARDS = "gnu17 gnu++20";
				PRODUCT_BUNDLE_IDENTIFIER = com.TopazFanClubNew.domain;
				PRODUCT_NAME = "$(TARGET_NAME:c99extidentifier)";
				SKIP_INSTALL = YES;
				SUPPORTED_PLATFORMS = "iphoneos iphonesimulator";
				SUPPORTS_MACCATALYST = NO;
				SUPPORTS_XR_DESIGNED_FOR_IPHONE_IPAD = NO;
				SWIFT_EMIT_LOC_STRINGS = YES;
				SWIFT_INSTALL_OBJC_HEADER = NO;
				SWIFT_OPTIMIZATION_LEVEL = "-Onone";
				SWIFT_VERSION = 5.0;
				TARGETED_DEVICE_FAMILY = 1;
			};
			name = Debug;
		};
		B80BDA2C2C4E3E6C00DA8BB6 /* Release */ = {
			isa = XCBuildConfiguration;
			buildSettings = {
				BUILD_LIBRARY_FOR_DISTRIBUTION = YES;
				CLANG_ENABLE_MODULES = YES;
				CODE_SIGN_STYLE = Automatic;
				CURRENT_PROJECT_VERSION = 1;
				DEFINES_MODULE = YES;
				DEVELOPMENT_TEAM = "";
				DYLIB_COMPATIBILITY_VERSION = 1;
				DYLIB_CURRENT_VERSION = 1;
				DYLIB_INSTALL_NAME_BASE = "@rpath";
				ENABLE_MODULE_VERIFIER = YES;
				GENERATE_INFOPLIST_FILE = YES;
				INFOPLIST_KEY_NSHumanReadableCopyright = "";
				INSTALL_PATH = "$(LOCAL_LIBRARY_DIR)/Frameworks";
				IPHONEOS_DEPLOYMENT_TARGET = 15.0;
				LD_RUNPATH_SEARCH_PATHS = (
					"$(inherited)",
					"@executable_path/Frameworks",
					"@loader_path/Frameworks",
				);
				MARKETING_VERSION = 1.0;
				MODULE_VERIFIER_SUPPORTED_LANGUAGES = "objective-c objective-c++";
				MODULE_VERIFIER_SUPPORTED_LANGUAGE_STANDARDS = "gnu17 gnu++20";
				PRODUCT_BUNDLE_IDENTIFIER = com.TopazFanClubNew.domain;
				PRODUCT_NAME = "$(TARGET_NAME:c99extidentifier)";
				SKIP_INSTALL = YES;
				SUPPORTED_PLATFORMS = "iphoneos iphonesimulator";
				SUPPORTS_MACCATALYST = NO;
				SUPPORTS_XR_DESIGNED_FOR_IPHONE_IPAD = NO;
				SWIFT_EMIT_LOC_STRINGS = YES;
				SWIFT_INSTALL_OBJC_HEADER = NO;
				SWIFT_VERSION = 5.0;
				TARGETED_DEVICE_FAMILY = 1;
			};
			name = Release;
		};
/* End XCBuildConfiguration section */

/* Begin XCConfigurationList section */
		B80BDA1D2C4E3E6C00DA8BB6 /* Build configuration list for PBXProject "domain" */ = {
			isa = XCConfigurationList;
			buildConfigurations = (
				B80BDA282C4E3E6C00DA8BB6 /* Debug */,
				B80BDA292C4E3E6C00DA8BB6 /* Release */,
			);
			defaultConfigurationIsVisible = 0;
			defaultConfigurationName = Release;
		};
		B80BDA2A2C4E3E6C00DA8BB6 /* Build configuration list for PBXNativeTarget "domain" */ = {
			isa = XCConfigurationList;
			buildConfigurations = (
				B80BDA2B2C4E3E6C00DA8BB6 /* Debug */,
				B80BDA2C2C4E3E6C00DA8BB6 /* Release */,
			);
			defaultConfigurationIsVisible = 0;
			defaultConfigurationName = Release;
		};
/* End XCConfigurationList section */
	};
	rootObject = B80BDA1A2C4E3E6C00DA8BB6 /* Project object */;
}
